
Microsoft Visual Studio Solution File, Format Version 12.00
# Visual Studio Version 17
VisualStudioVersion = 17.0.31903.59
MinimumVisualStudioVersion = 10.0.40219.1
Project("{2150E333-8FDC-42A3-9474-1A3956D46DE8}") = "src", "src", "{827E0CD3-B72D-47B6-A68D-7590B98EB39B}"
EndProject
Project("{2150E333-8FDC-42A3-9474-1A3956D46DE8}") = "tests", "tests", "{0AB3BF05-4346-4AA6-1389-037BE0695223}"
EndProject
Project("{FAE04EC0-301F-11D3-BF4B-00C04F79EFBC}") = "TurtlePath.Tests", "tests\TurtlePath.Tests\TurtlePath.Tests.csproj", "{FADD5802-870F-4A89-AF0B-36796DFCEC54}"
EndProject
Project("{2150E333-8FDC-42A3-9474-1A3956D46DE8}") = "benchmarks", "benchmarks", "{66320409-64EC-F7C5-3DEF-65E7510DAAD1}"
EndProject
Project("{FAE04EC0-301F-11D3-BF4B-00C04F79EFBC}") = "TurtlePath.Benchmarks", "benchmarks\TurtlePath.Benchmarks\TurtlePath.Benchmarks.csproj", "{B248B0FF-C727-4B02-819F-64A2B012B03A}"
EndProject
Project("{2150E333-8FDC-42A3-9474-1A3956D46DE8}") = "samples", "samples", "{5D20AA90-6969-D8BD-9DCD-8634F4692FDA}"
EndProject
Project("{FAE04EC0-301F-11D3-BF4B-00C04F79EFBC}") = "TurtlePath.Samples.Basic", "samples\TurtlePath.Samples.Basic\TurtlePath.Samples.Basic.csproj", "{7CE57313-D1AC-4ADF-BC49-A9FC6294510F}"
EndProject
Project("{2150E333-8FDC-42A3-9474-1A3956D46DE8}") = "Solution Items", "Solution Items", "{6E21585C-62F9-49D6-91CA-CFDA7A856FEB}"
	ProjectSection(SolutionItems) = preProject
		Directory.Build.props = Directory.Build.props
	EndProjectSection
EndProject
Project("{FAE04EC0-301F-11D3-BF4B-00C04F79EFBC}") = "TurtlePath.Domain", "src\TurtlePath.Domain\TurtlePath.Domain.csproj", "{CE1F9180-1A5B-4D13-9D7F-9690BEDF2586}"
EndProject
Project("{FAE04EC0-301F-11D3-BF4B-00C04F79EFBC}") = "TurtlePath.EntityFrameworkCore", "src\TurtlePath.EntityFrameworkCore\TurtlePath.EntityFrameworkCore.csproj", "{32DA2040-8772-4D57-9E73-C4DDE49D64EE}"
EndProject
Project("{FAE04EC0-301F-11D3-BF4B-00C04F79EFBC}") = "TurtlePath.OctoMap", "src\TurtlePath.OctoMap\TurtlePath.OctoMap.csproj", "{1D715B71-FD87-41DD-8939-C24710B50A8F}"
EndProject
Project("{FAE04EC0-301F-11D3-BF4B-00C04F79EFBC}") = "TurtlePath.Crabalidator", "src\TurtlePath.Crabalidator\TurtlePath.Crabalidator.csproj", "{FE6D38AF-75EA-4594-AE1A-97A4B7CE3E24}"
EndProject
Project("{FAE04EC0-301F-11D3-BF4B-00C04F79EFBC}") = "TurtlePath.Sieve", "src\TurtlePath.Sieve\TurtlePath.Sieve.csproj", "{3B3398DB-5C57-44ED-89F9-078E9AE6EA81}"
EndProject
Project("{FAE04EC0-301F-11D3-BF4B-00C04F79EFBC}") = "TurtlePath.Abstractions", "src\TurtlePath.Abstractions\TurtlePath.Abstractions.csproj", "{0F026D00-A036-4E80-B053-344ABB91AD85}"
EndProject
Project("{FAE04EC0-301F-11D3-BF4B-00C04F79EFBC}") = "TurtlePath", "src\TurtlePath\TurtlePath.csproj", "{3CB79031-6258-48E7-9BD1-0E3B8978527C}"
EndProject
Project("{FAE04EC0-301F-11D3-BF4B-00C04F79EFBC}") = "TurtlePath.AutoMapper", "src\TurtlePath.AutoMapper\TurtlePath.AutoMapper.csproj", "{60FFA17D-B1E6-4EFB-BCBE-9526982F9B95}"
EndProject
Project("{FAE04EC0-301F-11D3-BF4B-00C04F79EFBC}") = "TurtlePath.FluentValidation", "src\TurtlePath.FluentValidation\TurtlePath.FluentValidation.csproj", "{13AE257F-0A55-4F14-BF88-02063AF795B1}"
EndProject
Project("{FAE04EC0-301F-11D3-BF4B-00C04F79EFBC}") = "TurtlePath.Automations", "src\TurtlePath.Automations\TurtlePath.Automations.csproj", "{F25488C4-75CE-4B50-9222-1D5CAA9545DB}"
EndProject
Project("{FAE04EC0-301F-11D3-BF4B-00C04F79EFBC}") = "TurtlePath.Automations.Tests", "tests\TurtlePath.Automations.Tests\TurtlePath.Automations.Tests.csproj", "{6E5DF457-0FD8-456D-88E0-1A6939998AB1}"
EndProject
Project("{FAE04EC0-301F-11D3-BF4B-00C04F79EFBC}") = "TurtlePath.Analyzers", "src\TurtlePath.Analyzers\TurtlePath.Analyzers.csproj", "{5F97724B-A15D-4E87-8382-AF6A43A4FB25}"
EndProject
Project("{FAE04EC0-301F-11D3-BF4B-00C04F79EFBC}") = "TurtlePath.Analyzers.Tests", "tests\TurtlePath.Analyzers.Tests\TurtlePath.Analyzers.Tests.csproj", "{FC97D95F-2F39-4CC9-BCF3-F96BF5BA7593}"
EndProject
Project("{FAE04EC0-301F-11D3-BF4B-00C04F79EFBC}") = "TurtlePath.ExceptionHandling", "src\TurtlePath.ExceptionHandling\TurtlePath.ExceptionHandling.csproj", "{1B71DC74-3AAD-4F4A-89C6-369B7642E032}"
EndProject
Project("{FAE04EC0-301F-11D3-BF4B-00C04F79EFBC}") = "TurtlePath.ExceptionHandling.AspNetCore", "src\TurtlePath.ExceptionHandling.AspNetCore\TurtlePath.ExceptionHandling.AspNetCore.csproj", "{E991A50D-181B-4086-8C45-4814C584A968}"
EndProject
Project("{FAE04EC0-301F-11D3-BF4B-00C04F79EFBC}") = "TurtlePath.ExceptionHandling.Workers", "src\TurtlePath.ExceptionHandling.Workers\TurtlePath.ExceptionHandling.Workers.csproj", "{7499620C-151B-4536-9483-71E617D31A95}"
EndProject
Project("{FAE04EC0-301F-11D3-BF4B-00C04F79EFBC}") = "TurtlePath.ExceptionHandling.Consumers", "src\TurtlePath.ExceptionHandling.Consumers\TurtlePath.ExceptionHandling.Consumers.csproj", "{6F37D843-7C72-4881-910D-F703A01621F1}"
EndProject
Project("{FAE04EC0-301F-11D3-BF4B-00C04F79EFBC}") = "TurtlePath.Jobs", "src\TurtlePath.Jobs\TurtlePath.Jobs.csproj", "{671AB22D-D5FD-41A5-97C5-387178418236}"
EndProject
Project("{FAE04EC0-301F-11D3-BF4B-00C04F79EFBC}") = "TurtlePath.EventSourcing", "src\TurtlePath.EventSourcing\TurtlePath.EventSourcing.csproj", "{F822467E-2E06-46A3-80C8-B01035378BA5}"
EndProject
Project("{FAE04EC0-301F-11D3-BF4B-00C04F79EFBC}") = "TurtlePath.EventSourcing.Tests", "tests\TurtlePath.EventSourcing.Tests\TurtlePath.EventSourcing.Tests.csproj", "{CC2F584E-E98C-4E17-8157-3C26E6D52BFF}"
EndProject
Project("{FAE04EC0-301F-11D3-BF4B-00C04F79EFBC}") = "TurtlePath.Testing", "src\TurtlePath.Testing\TurtlePath.Testing.csproj", "{7A923531-5644-4AD5-98BA-BD27066F2F12}"
EndProject
Project("{FAE04EC0-301F-11D3-BF4B-00C04F79EFBC}") = "TurtlePath.Testing.Tests", "tests\TurtlePath.Testing.Tests\TurtlePath.Testing.Tests.csproj", "{0FA1DD42-046B-4B14-870B-27D792A625E5}"
EndProject
Project("{FAE04EC0-301F-11D3-BF4B-00C04F79EFBC}") = "TurtlePath.Testing.EntityFrameworkCore", "src\TurtlePath.Testing.EntityFrameworkCore\TurtlePath.Testing.EntityFrameworkCore.csproj", "{5F342912-57DF-4679-B6E4-A0F6BDA949E5}"
EndProject
Project("{FAE04EC0-301F-11D3-BF4B-00C04F79EFBC}") = "TurtlePath.Testing.EntityFrameworkCore.Tests", "tests\TurtlePath.Testing.EntityFrameworkCore.Tests\TurtlePath.Testing.EntityFrameworkCore.Tests.csproj", "{605EC1A1-91FA-42EF-AAFD-41FAF075CED1}"
EndProject
Project("{FAE04EC0-301F-11D3-BF4B-00C04F79EFBC}") = "TurtlePath.Samples.Testing", "samples\TurtlePath.Samples.Testing\TurtlePath.Samples.Testing.csproj", "{DE1332A6-31BB-4106-992C-29B79978DFF9}"
EndProject
Project("{FAE04EC0-301F-11D3-BF4B-00C04F79EFBC}") = "TurtlePath.Testing.EventSourcing", "src\TurtlePath.Testing.EventSourcing\TurtlePath.Testing.EventSourcing.csproj", "{8A49B443-CA13-4CB7-8351-E8590EC7392C}"
EndProject
Project("{FAE04EC0-301F-11D3-BF4B-00C04F79EFBC}") = "TurtlePath.Testing.EventSourcing.Tests", "tests\TurtlePath.Testing.EventSourcing.Tests\TurtlePath.Testing.EventSourcing.Tests.csproj", "{5A7FE137-60DB-4085-BC9E-0533141CED1E}"
EndProject
Project("{FAE04EC0-301F-11D3-BF4B-00C04F79EFBC}") = "TurtlePath.DataScorpio", "src\TurtlePath.DataScorpio\TurtlePath.DataScorpio.csproj", "{BCCBC996-94B3-46EC-9CCE-8CB36889406C}"
EndProject
Project("{FAE04EC0-301F-11D3-BF4B-00C04F79EFBC}") = "TurtlePath.Testing.Integration", "src\TurtlePath.Testing.Integration\TurtlePath.Testing.Integration.csproj", "{079E23F9-7C0A-4113-B82F-1F9C2FFB4CE4}"
EndProject
Project("{FAE04EC0-301F-11D3-BF4B-00C04F79EFBC}") = "TurtlePath.DataScorpio.Tests", "tests\TurtlePath.DataScorpio.Tests\TurtlePath.DataScorpio.Tests.csproj", "{7C31EAE1-C7C8-4903-AA3B-97FA5F7EC950}"
EndProject
Project("{FAE04EC0-301F-11D3-BF4B-00C04F79EFBC}") = "TurtlePath.Testing.Integration.Tests", "tests\TurtlePath.Testing.Integration.Tests\TurtlePath.Testing.Integration.Tests.csproj", "{3FBCBF9A-FAC2-45DF-95C3-954FB55AA236}"
EndProject
Project("{FAE04EC0-301F-11D3-BF4B-00C04F79EFBC}") = "TurtlePath.Template", "src\TurtlePath.Template\TurtlePath.Template.csproj", "{E8738FC2-1908-482E-93E4-FC173CAA4B12}"
EndProject
Project("{FAE04EC0-301F-11D3-BF4B-00C04F79EFBC}") = "TurtlePath.Studio.Abstractions", "src\TurtlePath.Studio.Abstractions\TurtlePath.Studio.Abstractions.csproj", "{FA486045-4224-4BCC-ADE1-FAB4CE3EC1E0}"
EndProject
Project("{FAE04EC0-301F-11D3-BF4B-00C04F79EFBC}") = "TurtlePath.Studio.Application", "src\TurtlePath.Studio.Application\TurtlePath.Studio.Application.csproj", "{FCD0B1C0-C7BE-44DF-A262-255820EE55BA}"
EndProject
Global
	GlobalSection(SolutionConfigurationPlatforms) = preSolution
		Debug|Any CPU = Debug|Any CPU
		Debug|x64 = Debug|x64
		Debug|x86 = Debug|x86
		Release|Any CPU = Release|Any CPU
		Release|x64 = Release|x64
		Release|x86 = Release|x86
	EndGlobalSection
	GlobalSection(ProjectConfigurationPlatforms) = postSolution
		{FADD5802-870F-4A89-AF0B-36796DFCEC54}.Debug|Any CPU.ActiveCfg = Debug|Any CPU
		{FADD5802-870F-4A89-AF0B-36796DFCEC54}.Debug|Any CPU.Build.0 = Debug|Any CPU
		{FADD5802-870F-4A89-AF0B-36796DFCEC54}.Debug|x64.ActiveCfg = Debug|Any CPU
		{FADD5802-870F-4A89-AF0B-36796DFCEC54}.Debug|x64.Build.0 = Debug|Any CPU
		{FADD5802-870F-4A89-AF0B-36796DFCEC54}.Debug|x86.ActiveCfg = Debug|Any CPU
		{FADD5802-870F-4A89-AF0B-36796DFCEC54}.Debug|x86.Build.0 = Debug|Any CPU
		{FADD5802-870F-4A89-AF0B-36796DFCEC54}.Release|Any CPU.ActiveCfg = Release|Any CPU
		{FADD5802-870F-4A89-AF0B-36796DFCEC54}.Release|Any CPU.Build.0 = Release|Any CPU
		{FADD5802-870F-4A89-AF0B-36796DFCEC54}.Release|x64.ActiveCfg = Release|Any CPU
		{FADD5802-870F-4A89-AF0B-36796DFCEC54}.Release|x64.Build.0 = Release|Any CPU
		{FADD5802-870F-4A89-AF0B-36796DFCEC54}.Release|x86.ActiveCfg = Release|Any CPU
		{FADD5802-870F-4A89-AF0B-36796DFCEC54}.Release|x86.Build.0 = Release|Any CPU
		{B248B0FF-C727-4B02-819F-64A2B012B03A}.Debug|Any CPU.ActiveCfg = Debug|Any CPU
		{B248B0FF-C727-4B02-819F-64A2B012B03A}.Debug|Any CPU.Build.0 = Debug|Any CPU
		{B248B0FF-C727-4B02-819F-64A2B012B03A}.Debug|x64.ActiveCfg = Debug|Any CPU
		{B248B0FF-C727-4B02-819F-64A2B012B03A}.Debug|x64.Build.0 = Debug|Any CPU
		{B248B0FF-C727-4B02-819F-64A2B012B03A}.Debug|x86.ActiveCfg = Debug|Any CPU
		{B248B0FF-C727-4B02-819F-64A2B012B03A}.Debug|x86.Build.0 = Debug|Any CPU
		{B248B0FF-C727-4B02-819F-64A2B012B03A}.Release|Any CPU.ActiveCfg = Release|Any CPU
		{B248B0FF-C727-4B02-819F-64A2B012B03A}.Release|Any CPU.Build.0 = Release|Any CPU
		{B248B0FF-C727-4B02-819F-64A2B012B03A}.Release|x64.ActiveCfg = Release|Any CPU
		{B248B0FF-C727-4B02-819F-64A2B012B03A}.Release|x64.Build.0 = Release|Any CPU
		{B248B0FF-C727-4B02-819F-64A2B012B03A}.Release|x86.ActiveCfg = Release|Any CPU
		{B248B0FF-C727-4B02-819F-64A2B012B03A}.Release|x86.Build.0 = Release|Any CPU
		{7CE57313-D1AC-4ADF-BC49-A9FC6294510F}.Debug|Any CPU.ActiveCfg = Debug|Any CPU
		{7CE57313-D1AC-4ADF-BC49-A9FC6294510F}.Debug|Any CPU.Build.0 = Debug|Any CPU
		{7CE57313-D1AC-4ADF-BC49-A9FC6294510F}.Debug|x64.ActiveCfg = Debug|Any CPU
		{7CE57313-D1AC-4ADF-BC49-A9FC6294510F}.Debug|x64.Build.0 = Debug|Any CPU
		{7CE57313-D1AC-4ADF-BC49-A9FC6294510F}.Debug|x86.ActiveCfg = Debug|Any CPU
		{7CE57313-D1AC-4ADF-BC49-A9FC6294510F}.Debug|x86.Build.0 = Debug|Any CPU
		{7CE57313-D1AC-4ADF-BC49-A9FC6294510F}.Release|Any CPU.ActiveCfg = Release|Any CPU
		{7CE57313-D1AC-4ADF-BC49-A9FC6294510F}.Release|Any CPU.Build.0 = Release|Any CPU
		{7CE57313-D1AC-4ADF-BC49-A9FC6294510F}.Release|x64.ActiveCfg = Release|Any CPU
		{7CE57313-D1AC-4ADF-BC49-A9FC6294510F}.Release|x64.Build.0 = Release|Any CPU
		{7CE57313-D1AC-4ADF-BC49-A9FC6294510F}.Release|x86.ActiveCfg = Release|Any CPU
		{7CE57313-D1AC-4ADF-BC49-A9FC6294510F}.Release|x86.Build.0 = Release|Any CPU
		{CE1F9180-1A5B-4D13-9D7F-9690BEDF2586}.Debug|Any CPU.ActiveCfg = Debug|Any CPU
		{CE1F9180-1A5B-4D13-9D7F-9690BEDF2586}.Debug|Any CPU.Build.0 = Debug|Any CPU
		{CE1F9180-1A5B-4D13-9D7F-9690BEDF2586}.Debug|x64.ActiveCfg = Debug|Any CPU
		{CE1F9180-1A5B-4D13-9D7F-9690BEDF2586}.Debug|x64.Build.0 = Debug|Any CPU
		{CE1F9180-1A5B-4D13-9D7F-9690BEDF2586}.Debug|x86.ActiveCfg = Debug|Any CPU
		{CE1F9180-1A5B-4D13-9D7F-9690BEDF2586}.Debug|x86.Build.0 = Debug|Any CPU
		{CE1F9180-1A5B-4D13-9D7F-9690BEDF2586}.Release|Any CPU.ActiveCfg = Release|Any CPU
		{CE1F9180-1A5B-4D13-9D7F-9690BEDF2586}.Release|Any CPU.Build.0 = Release|Any CPU
		{CE1F9180-1A5B-4D13-9D7F-9690BEDF2586}.Release|x64.ActiveCfg = Release|Any CPU
		{CE1F9180-1A5B-4D13-9D7F-9690BEDF2586}.Release|x64.Build.0 = Release|Any CPU
		{CE1F9180-1A5B-4D13-9D7F-9690BEDF2586}.Release|x86.ActiveCfg = Release|Any CPU
		{CE1F9180-1A5B-4D13-9D7F-9690BEDF2586}.Release|x86.Build.0 = Release|Any CPU
		{32DA2040-8772-4D57-9E73-C4DDE49D64EE}.Debug|Any CPU.ActiveCfg = Debug|Any CPU
		{32DA2040-8772-4D57-9E73-C4DDE49D64EE}.Debug|Any CPU.Build.0 = Debug|Any CPU
		{32DA2040-8772-4D57-9E73-C4DDE49D64EE}.Debug|x64.ActiveCfg = Debug|Any CPU
		{32DA2040-8772-4D57-9E73-C4DDE49D64EE}.Debug|x64.Build.0 = Debug|Any CPU
		{32DA2040-8772-4D57-9E73-C4DDE49D64EE}.Debug|x86.ActiveCfg = Debug|Any CPU
		{32DA2040-8772-4D57-9E73-C4DDE49D64EE}.Debug|x86.Build.0 = Debug|Any CPU
		{32DA2040-8772-4D57-9E73-C4DDE49D64EE}.Release|Any CPU.ActiveCfg = Release|Any CPU
		{32DA2040-8772-4D57-9E73-C4DDE49D64EE}.Release|Any CPU.Build.0 = Release|Any CPU
		{32DA2040-8772-4D57-9E73-C4DDE49D64EE}.Release|x64.ActiveCfg = Release|Any CPU
		{32DA2040-8772-4D57-9E73-C4DDE49D64EE}.Release|x64.Build.0 = Release|Any CPU
		{32DA2040-8772-4D57-9E73-C4DDE49D64EE}.Release|x86.ActiveCfg = Release|Any CPU
		{32DA2040-8772-4D57-9E73-C4DDE49D64EE}.Release|x86.Build.0 = Release|Any CPU
		{1D715B71-FD87-41DD-8939-C24710B50A8F}.Debug|Any CPU.ActiveCfg = Debug|Any CPU
		{1D715B71-FD87-41DD-8939-C24710B50A8F}.Debug|Any CPU.Build.0 = Debug|Any CPU
		{1D715B71-FD87-41DD-8939-C24710B50A8F}.Debug|x64.ActiveCfg = Debug|Any CPU
		{1D715B71-FD87-41DD-8939-C24710B50A8F}.Debug|x64.Build.0 = Debug|Any CPU
		{1D715B71-FD87-41DD-8939-C24710B50A8F}.Debug|x86.ActiveCfg = Debug|Any CPU
		{1D715B71-FD87-41DD-8939-C24710B50A8F}.Debug|x86.Build.0 = Debug|Any CPU
		{1D715B71-FD87-41DD-8939-C24710B50A8F}.Release|Any CPU.ActiveCfg = Release|Any CPU
		{1D715B71-FD87-41DD-8939-C24710B50A8F}.Release|Any CPU.Build.0 = Release|Any CPU
		{1D715B71-FD87-41DD-8939-C24710B50A8F}.Release|x64.ActiveCfg = Release|Any CPU
		{1D715B71-FD87-41DD-8939-C24710B50A8F}.Release|x64.Build.0 = Release|Any CPU
		{1D715B71-FD87-41DD-8939-C24710B50A8F}.Release|x86.ActiveCfg = Release|Any CPU
		{1D715B71-FD87-41DD-8939-C24710B50A8F}.Release|x86.Build.0 = Release|Any CPU
		{FE6D38AF-75EA-4594-AE1A-97A4B7CE3E24}.Debug|Any CPU.ActiveCfg = Debug|Any CPU
		{FE6D38AF-75EA-4594-AE1A-97A4B7CE3E24}.Debug|Any CPU.Build.0 = Debug|Any CPU
		{FE6D38AF-75EA-4594-AE1A-97A4B7CE3E24}.Debug|x64.ActiveCfg = Debug|Any CPU
		{FE6D38AF-75EA-4594-AE1A-97A4B7CE3E24}.Debug|x64.Build.0 = Debug|Any CPU
		{FE6D38AF-75EA-4594-AE1A-97A4B7CE3E24}.Debug|x86.ActiveCfg = Debug|Any CPU
		{FE6D38AF-75EA-4594-AE1A-97A4B7CE3E24}.Debug|x86.Build.0 = Debug|Any CPU
		{FE6D38AF-75EA-4594-AE1A-97A4B7CE3E24}.Release|Any CPU.ActiveCfg = Release|Any CPU
		{FE6D38AF-75EA-4594-AE1A-97A4B7CE3E24}.Release|Any CPU.Build.0 = Release|Any CPU
		{FE6D38AF-75EA-4594-AE1A-97A4B7CE3E24}.Release|x64.ActiveCfg = Release|Any CPU
		{FE6D38AF-75EA-4594-AE1A-97A4B7CE3E24}.Release|x64.Build.0 = Release|Any CPU
		{FE6D38AF-75EA-4594-AE1A-97A4B7CE3E24}.Release|x86.ActiveCfg = Release|Any CPU
		{FE6D38AF-75EA-4594-AE1A-97A4B7CE3E24}.Release|x86.Build.0 = Release|Any CPU
		{3B3398DB-5C57-44ED-89F9-078E9AE6EA81}.Debug|Any CPU.ActiveCfg = Debug|Any CPU
		{3B3398DB-5C57-44ED-89F9-078E9AE6EA81}.Debug|Any CPU.Build.0 = Debug|Any CPU
		{3B3398DB-5C57-44ED-89F9-078E9AE6EA81}.Debug|x64.ActiveCfg = Debug|Any CPU
		{3B3398DB-5C57-44ED-89F9-078E9AE6EA81}.Debug|x64.Build.0 = Debug|Any CPU
		{3B3398DB-5C57-44ED-89F9-078E9AE6EA81}.Debug|x86.ActiveCfg = Debug|Any CPU
		{3B3398DB-5C57-44ED-89F9-078E9AE6EA81}.Debug|x86.Build.0 = Debug|Any CPU
		{3B3398DB-5C57-44ED-89F9-078E9AE6EA81}.Release|Any CPU.ActiveCfg = Release|Any CPU
		{3B3398DB-5C57-44ED-89F9-078E9AE6EA81}.Release|Any CPU.Build.0 = Release|Any CPU
		{3B3398DB-5C57-44ED-89F9-078E9AE6EA81}.Release|x64.ActiveCfg = Release|Any CPU
		{3B3398DB-5C57-44ED-89F9-078E9AE6EA81}.Release|x64.Build.0 = Release|Any CPU
		{3B3398DB-5C57-44ED-89F9-078E9AE6EA81}.Release|x86.ActiveCfg = Release|Any CPU
		{3B3398DB-5C57-44ED-89F9-078E9AE6EA81}.Release|x86.Build.0 = Release|Any CPU
		{0F026D00-A036-4E80-B053-344ABB91AD85}.Debug|Any CPU.ActiveCfg = Debug|Any CPU
		{0F026D00-A036-4E80-B053-344ABB91AD85}.Debug|Any CPU.Build.0 = Debug|Any CPU
		{0F026D00-A036-4E80-B053-344ABB91AD85}.Debug|x64.ActiveCfg = Debug|Any CPU
		{0F026D00-A036-4E80-B053-344ABB91AD85}.Debug|x64.Build.0 = Debug|Any CPU
		{0F026D00-A036-4E80-B053-344ABB91AD85}.Debug|x86.ActiveCfg = Debug|Any CPU
		{0F026D00-A036-4E80-B053-344ABB91AD85}.Debug|x86.Build.0 = Debug|Any CPU
		{0F026D00-A036-4E80-B053-344ABB91AD85}.Release|Any CPU.ActiveCfg = Release|Any CPU
		{0F026D00-A036-4E80-B053-344ABB91AD85}.Release|Any CPU.Build.0 = Release|Any CPU
		{0F026D00-A036-4E80-B053-344ABB91AD85}.Release|x64.ActiveCfg = Release|Any CPU
		{0F026D00-A036-4E80-B053-344ABB91AD85}.Release|x64.Build.0 = Release|Any CPU
		{0F026D00-A036-4E80-B053-344ABB91AD85}.Release|x86.ActiveCfg = Release|Any CPU
		{0F026D00-A036-4E80-B053-344ABB91AD85}.Release|x86.Build.0 = Release|Any CPU
		{3CB79031-6258-48E7-9BD1-0E3B8978527C}.Debug|Any CPU.ActiveCfg = Debug|Any CPU
		{3CB79031-6258-48E7-9BD1-0E3B8978527C}.Debug|Any CPU.Build.0 = Debug|Any CPU
		{3CB79031-6258-48E7-9BD1-0E3B8978527C}.Debug|x64.ActiveCfg = Debug|Any CPU
		{3CB79031-6258-48E7-9BD1-0E3B8978527C}.Debug|x64.Build.0 = Debug|Any CPU
		{3CB79031-6258-48E7-9BD1-0E3B8978527C}.Debug|x86.ActiveCfg = Debug|Any CPU
		{3CB79031-6258-48E7-9BD1-0E3B8978527C}.Debug|x86.Build.0 = Debug|Any CPU
		{3CB79031-6258-48E7-9BD1-0E3B8978527C}.Release|Any CPU.ActiveCfg = Release|Any CPU
		{3CB79031-6258-48E7-9BD1-0E3B8978527C}.Release|Any CPU.Build.0 = Release|Any CPU
		{3CB79031-6258-48E7-9BD1-0E3B8978527C}.Release|x64.ActiveCfg = Release|Any CPU
		{3CB79031-6258-48E7-9BD1-0E3B8978527C}.Release|x64.Build.0 = Release|Any CPU
		{3CB79031-6258-48E7-9BD1-0E3B8978527C}.Release|x86.ActiveCfg = Release|Any CPU
		{3CB79031-6258-48E7-9BD1-0E3B8978527C}.Release|x86.Build.0 = Release|Any CPU
		{60FFA17D-B1E6-4EFB-BCBE-9526982F9B95}.Debug|Any CPU.ActiveCfg = Debug|Any CPU
		{60FFA17D-B1E6-4EFB-BCBE-9526982F9B95}.Debug|Any CPU.Build.0 = Debug|Any CPU
		{60FFA17D-B1E6-4EFB-BCBE-9526982F9B95}.Debug|x64.ActiveCfg = Debug|Any CPU
		{60FFA17D-B1E6-4EFB-BCBE-9526982F9B95}.Debug|x64.Build.0 = Debug|Any CPU
		{60FFA17D-B1E6-4EFB-BCBE-9526982F9B95}.Debug|x86.ActiveCfg = Debug|Any CPU
		{60FFA17D-B1E6-4EFB-BCBE-9526982F9B95}.Debug|x86.Build.0 = Debug|Any CPU
		{60FFA17D-B1E6-4EFB-BCBE-9526982F9B95}.Release|Any CPU.ActiveCfg = Release|Any CPU
		{60FFA17D-B1E6-4EFB-BCBE-9526982F9B95}.Release|Any CPU.Build.0 = Release|Any CPU
		{60FFA17D-B1E6-4EFB-BCBE-9526982F9B95}.Release|x64.ActiveCfg = Release|Any CPU
		{60FFA17D-B1E6-4EFB-BCBE-9526982F9B95}.Release|x64.Build.0 = Release|Any CPU
		{60FFA17D-B1E6-4EFB-BCBE-9526982F9B95}.Release|x86.ActiveCfg = Release|Any CPU
		{60FFA17D-B1E6-4EFB-BCBE-9526982F9B95}.Release|x86.Build.0 = Release|Any CPU
		{13AE257F-0A55-4F14-BF88-02063AF795B1}.Debug|Any CPU.ActiveCfg = Debug|Any CPU
		{13AE257F-0A55-4F14-BF88-02063AF795B1}.Debug|Any CPU.Build.0 = Debug|Any CPU
		{13AE257F-0A55-4F14-BF88-02063AF795B1}.Debug|x64.ActiveCfg = Debug|Any CPU
		{13AE257F-0A55-4F14-BF88-02063AF795B1}.Debug|x64.Build.0 = Debug|Any CPU
		{13AE257F-0A55-4F14-BF88-02063AF795B1}.Debug|x86.ActiveCfg = Debug|Any CPU
		{13AE257F-0A55-4F14-BF88-02063AF795B1}.Debug|x86.Build.0 = Debug|Any CPU
		{13AE257F-0A55-4F14-BF88-02063AF795B1}.Release|Any CPU.ActiveCfg = Release|Any CPU
		{13AE257F-0A55-4F14-BF88-02063AF795B1}.Release|Any CPU.Build.0 = Release|Any CPU
		{13AE257F-0A55-4F14-BF88-02063AF795B1}.Release|x64.ActiveCfg = Release|Any CPU
		{13AE257F-0A55-4F14-BF88-02063AF795B1}.Release|x64.Build.0 = Release|Any CPU
		{13AE257F-0A55-4F14-BF88-02063AF795B1}.Release|x86.ActiveCfg = Release|Any CPU
		{13AE257F-0A55-4F14-BF88-02063AF795B1}.Release|x86.Build.0 = Release|Any CPU
		{F25488C4-75CE-4B50-9222-1D5CAA9545DB}.Debug|Any CPU.ActiveCfg = Debug|Any CPU
		{F25488C4-75CE-4B50-9222-1D5CAA9545DB}.Debug|Any CPU.Build.0 = Debug|Any CPU
		{F25488C4-75CE-4B50-9222-1D5CAA9545DB}.Debug|x64.ActiveCfg = Debug|Any CPU
		{F25488C4-75CE-4B50-9222-1D5CAA9545DB}.Debug|x64.Build.0 = Debug|Any CPU
		{F25488C4-75CE-4B50-9222-1D5CAA9545DB}.Debug|x86.ActiveCfg = Debug|Any CPU
		{F25488C4-75CE-4B50-9222-1D5CAA9545DB}.Debug|x86.Build.0 = Debug|Any CPU
		{F25488C4-75CE-4B50-9222-1D5CAA9545DB}.Release|Any CPU.ActiveCfg = Release|Any CPU
		{F25488C4-75CE-4B50-9222-1D5CAA9545DB}.Release|Any CPU.Build.0 = Release|Any CPU
		{F25488C4-75CE-4B50-9222-1D5CAA9545DB}.Release|x64.ActiveCfg = Release|Any CPU
		{F25488C4-75CE-4B50-9222-1D5CAA9545DB}.Release|x64.Build.0 = Release|Any CPU
		{F25488C4-75CE-4B50-9222-1D5CAA9545DB}.Release|x86.ActiveCfg = Release|Any CPU
		{F25488C4-75CE-4B50-9222-1D5CAA9545DB}.Release|x86.Build.0 = Release|Any CPU
		{6E5DF457-0FD8-456D-88E0-1A6939998AB1}.Debug|Any CPU.ActiveCfg = Debug|Any CPU
		{6E5DF457-0FD8-456D-88E0-1A6939998AB1}.Debug|Any CPU.Build.0 = Debug|Any CPU
		{6E5DF457-0FD8-456D-88E0-1A6939998AB1}.Debug|x64.ActiveCfg = Debug|Any CPU
		{6E5DF457-0FD8-456D-88E0-1A6939998AB1}.Debug|x64.Build.0 = Debug|Any CPU
		{6E5DF457-0FD8-456D-88E0-1A6939998AB1}.Debug|x86.ActiveCfg = Debug|Any CPU
		{6E5DF457-0FD8-456D-88E0-1A6939998AB1}.Debug|x86.Build.0 = Debug|Any CPU
		{6E5DF457-0FD8-456D-88E0-1A6939998AB1}.Release|Any CPU.ActiveCfg = Release|Any CPU
		{6E5DF457-0FD8-456D-88E0-1A6939998AB1}.Release|Any CPU.Build.0 = Release|Any CPU
		{6E5DF457-0FD8-456D-88E0-1A6939998AB1}.Release|x64.ActiveCfg = Release|Any CPU
		{6E5DF457-0FD8-456D-88E0-1A6939998AB1}.Release|x64.Build.0 = Release|Any CPU
		{6E5DF457-0FD8-456D-88E0-1A6939998AB1}.Release|x86.ActiveCfg = Release|Any CPU
		{6E5DF457-0FD8-456D-88E0-1A6939998AB1}.Release|x86.Build.0 = Release|Any CPU
		{5F97724B-A15D-4E87-8382-AF6A43A4FB25}.Debug|Any CPU.ActiveCfg = Debug|Any CPU
		{5F97724B-A15D-4E87-8382-AF6A43A4FB25}.Debug|Any CPU.Build.0 = Debug|Any CPU
		{5F97724B-A15D-4E87-8382-AF6A43A4FB25}.Debug|x64.ActiveCfg = Debug|Any CPU
		{5F97724B-A15D-4E87-8382-AF6A43A4FB25}.Debug|x64.Build.0 = Debug|Any CPU
		{5F97724B-A15D-4E87-8382-AF6A43A4FB25}.Debug|x86.ActiveCfg = Debug|Any CPU
		{5F97724B-A15D-4E87-8382-AF6A43A4FB25}.Debug|x86.Build.0 = Debug|Any CPU
		{5F97724B-A15D-4E87-8382-AF6A43A4FB25}.Release|Any CPU.ActiveCfg = Release|Any CPU
		{5F97724B-A15D-4E87-8382-AF6A43A4FB25}.Release|Any CPU.Build.0 = Release|Any CPU
		{5F97724B-A15D-4E87-8382-AF6A43A4FB25}.Release|x64.ActiveCfg = Release|Any CPU
		{5F97724B-A15D-4E87-8382-AF6A43A4FB25}.Release|x64.Build.0 = Release|Any CPU
		{5F97724B-A15D-4E87-8382-AF6A43A4FB25}.Release|x86.ActiveCfg = Release|Any CPU
		{5F97724B-A15D-4E87-8382-AF6A43A4FB25}.Release|x86.Build.0 = Release|Any CPU
		{FC97D95F-2F39-4CC9-BCF3-F96BF5BA7593}.Debug|Any CPU.ActiveCfg = Debug|Any CPU
		{FC97D95F-2F39-4CC9-BCF3-F96BF5BA7593}.Debug|Any CPU.Build.0 = Debug|Any CPU
		{FC97D95F-2F39-4CC9-BCF3-F96BF5BA7593}.Debug|x64.ActiveCfg = Debug|Any CPU
		{FC97D95F-2F39-4CC9-BCF3-F96BF5BA7593}.Debug|x64.Build.0 = Debug|Any CPU
		{FC97D95F-2F39-4CC9-BCF3-F96BF5BA7593}.Debug|x86.ActiveCfg = Debug|Any CPU
		{FC97D95F-2F39-4CC9-BCF3-F96BF5BA7593}.Debug|x86.Build.0 = Debug|Any CPU
		{FC97D95F-2F39-4CC9-BCF3-F96BF5BA7593}.Release|Any CPU.ActiveCfg = Release|Any CPU
		{FC97D95F-2F39-4CC9-BCF3-F96BF5BA7593}.Release|Any CPU.Build.0 = Release|Any CPU
		{FC97D95F-2F39-4CC9-BCF3-F96BF5BA7593}.Release|x64.ActiveCfg = Release|Any CPU
		{FC97D95F-2F39-4CC9-BCF3-F96BF5BA7593}.Release|x64.Build.0 = Release|Any CPU
		{FC97D95F-2F39-4CC9-BCF3-F96BF5BA7593}.Release|x86.ActiveCfg = Release|Any CPU
		{FC97D95F-2F39-4CC9-BCF3-F96BF5BA7593}.Release|x86.Build.0 = Release|Any CPU
		{1B71DC74-3AAD-4F4A-89C6-369B7642E032}.Debug|Any CPU.ActiveCfg = Debug|Any CPU
		{1B71DC74-3AAD-4F4A-89C6-369B7642E032}.Debug|Any CPU.Build.0 = Debug|Any CPU
		{1B71DC74-3AAD-4F4A-89C6-369B7642E032}.Debug|x64.ActiveCfg = Debug|Any CPU
		{1B71DC74-3AAD-4F4A-89C6-369B7642E032}.Debug|x64.Build.0 = Debug|Any CPU
		{1B71DC74-3AAD-4F4A-89C6-369B7642E032}.Debug|x86.ActiveCfg = Debug|Any CPU
		{1B71DC74-3AAD-4F4A-89C6-369B7642E032}.Debug|x86.Build.0 = Debug|Any CPU
		{1B71DC74-3AAD-4F4A-89C6-369B7642E032}.Release|Any CPU.ActiveCfg = Release|Any CPU
		{1B71DC74-3AAD-4F4A-89C6-369B7642E032}.Release|Any CPU.Build.0 = Release|Any CPU
		{1B71DC74-3AAD-4F4A-89C6-369B7642E032}.Release|x64.ActiveCfg = Release|Any CPU
		{1B71DC74-3AAD-4F4A-89C6-369B7642E032}.Release|x64.Build.0 = Release|Any CPU
		{1B71DC74-3AAD-4F4A-89C6-369B7642E032}.Release|x86.ActiveCfg = Release|Any CPU
		{1B71DC74-3AAD-4F4A-89C6-369B7642E032}.Release|x86.Build.0 = Release|Any CPU
		{E991A50D-181B-4086-8C45-4814C584A968}.Debug|Any CPU.ActiveCfg = Debug|Any CPU
		{E991A50D-181B-4086-8C45-4814C584A968}.Debug|Any CPU.Build.0 = Debug|Any CPU
		{E991A50D-181B-4086-8C45-4814C584A968}.Debug|x64.ActiveCfg = Debug|Any CPU
		{E991A50D-181B-4086-8C45-4814C584A968}.Debug|x64.Build.0 = Debug|Any CPU
		{E991A50D-181B-4086-8C45-4814C584A968}.Debug|x86.ActiveCfg = Debug|Any CPU
		{E991A50D-181B-4086-8C45-4814C584A968}.Debug|x86.Build.0 = Debug|Any CPU
		{E991A50D-181B-4086-8C45-4814C584A968}.Release|Any CPU.ActiveCfg = Release|Any CPU
		{E991A50D-181B-4086-8C45-4814C584A968}.Release|Any CPU.Build.0 = Release|Any CPU
		{E991A50D-181B-4086-8C45-4814C584A968}.Release|x64.ActiveCfg = Release|Any CPU
		{E991A50D-181B-4086-8C45-4814C584A968}.Release|x64.Build.0 = Release|Any CPU
		{E991A50D-181B-4086-8C45-4814C584A968}.Release|x86.ActiveCfg = Release|Any CPU
		{E991A50D-181B-4086-8C45-4814C584A968}.Release|x86.Build.0 = Release|Any CPU
		{7499620C-151B-4536-9483-71E617D31A95}.Debug|Any CPU.ActiveCfg = Debug|Any CPU
		{7499620C-151B-4536-9483-71E617D31A95}.Debug|Any CPU.Build.0 = Debug|Any CPU
		{7499620C-151B-4536-9483-71E617D31A95}.Debug|x64.ActiveCfg = Debug|Any CPU
		{7499620C-151B-4536-9483-71E617D31A95}.Debug|x64.Build.0 = Debug|Any CPU
		{7499620C-151B-4536-9483-71E617D31A95}.Debug|x86.ActiveCfg = Debug|Any CPU
		{7499620C-151B-4536-9483-71E617D31A95}.Debug|x86.Build.0 = Debug|Any CPU
		{7499620C-151B-4536-9483-71E617D31A95}.Release|Any CPU.ActiveCfg = Release|Any CPU
		{7499620C-151B-4536-9483-71E617D31A95}.Release|Any CPU.Build.0 = Release|Any CPU
		{7499620C-151B-4536-9483-71E617D31A95}.Release|x64.ActiveCfg = Release|Any CPU
		{7499620C-151B-4536-9483-71E617D31A95}.Release|x64.Build.0 = Release|Any CPU
		{7499620C-151B-4536-9483-71E617D31A95}.Release|x86.ActiveCfg = Release|Any CPU
		{7499620C-151B-4536-9483-71E617D31A95}.Release|x86.Build.0 = Release|Any CPU
		{6F37D843-7C72-4881-910D-F703A01621F1}.Debug|Any CPU.ActiveCfg = Debug|Any CPU
		{6F37D843-7C72-4881-910D-F703A01621F1}.Debug|Any CPU.Build.0 = Debug|Any CPU
		{6F37D843-7C72-4881-910D-F703A01621F1}.Debug|x64.ActiveCfg = Debug|Any CPU
		{6F37D843-7C72-4881-910D-F703A01621F1}.Debug|x64.Build.0 = Debug|Any CPU
		{6F37D843-7C72-4881-910D-F703A01621F1}.Debug|x86.ActiveCfg = Debug|Any CPU
		{6F37D843-7C72-4881-910D-F703A01621F1}.Debug|x86.Build.0 = Debug|Any CPU
		{6F37D843-7C72-4881-910D-F703A01621F1}.Release|Any CPU.ActiveCfg = Release|Any CPU
		{6F37D843-7C72-4881-910D-F703A01621F1}.Release|Any CPU.Build.0 = Release|Any CPU
		{6F37D843-7C72-4881-910D-F703A01621F1}.Release|x64.ActiveCfg = Release|Any CPU
		{6F37D843-7C72-4881-910D-F703A01621F1}.Release|x64.Build.0 = Release|Any CPU
		{6F37D843-7C72-4881-910D-F703A01621F1}.Release|x86.ActiveCfg = Release|Any CPU
		{6F37D843-7C72-4881-910D-F703A01621F1}.Release|x86.Build.0 = Release|Any CPU
		{671AB22D-D5FD-41A5-97C5-387178418236}.Debug|Any CPU.ActiveCfg = Debug|Any CPU
		{671AB22D-D5FD-41A5-97C5-387178418236}.Debug|Any CPU.Build.0 = Debug|Any CPU
		{671AB22D-D5FD-41A5-97C5-387178418236}.Debug|x64.ActiveCfg = Debug|Any CPU
		{671AB22D-D5FD-41A5-97C5-387178418236}.Debug|x64.Build.0 = Debug|Any CPU
		{671AB22D-D5FD-41A5-97C5-387178418236}.Debug|x86.ActiveCfg = Debug|Any CPU
		{671AB22D-D5FD-41A5-97C5-387178418236}.Debug|x86.Build.0 = Debug|Any CPU
		{671AB22D-D5FD-41A5-97C5-387178418236}.Release|Any CPU.ActiveCfg = Release|Any CPU
		{671AB22D-D5FD-41A5-97C5-387178418236}.Release|Any CPU.Build.0 = Release|Any CPU
		{671AB22D-D5FD-41A5-97C5-387178418236}.Release|x64.ActiveCfg = Release|Any CPU
		{671AB22D-D5FD-41A5-97C5-387178418236}.Release|x64.Build.0 = Release|Any CPU
		{671AB22D-D5FD-41A5-97C5-387178418236}.Release|x86.ActiveCfg = Release|Any CPU
		{671AB22D-D5FD-41A5-97C5-387178418236}.Release|x86.Build.0 = Release|Any CPU
		{F822467E-2E06-46A3-80C8-B01035378BA5}.Debug|Any CPU.ActiveCfg = Debug|Any CPU
		{F822467E-2E06-46A3-80C8-B01035378BA5}.Debug|Any CPU.Build.0 = Debug|Any CPU
		{F822467E-2E06-46A3-80C8-B01035378BA5}.Debug|x64.ActiveCfg = Debug|Any CPU
		{F822467E-2E06-46A3-80C8-B01035378BA5}.Debug|x64.Build.0 = Debug|Any CPU
		{F822467E-2E06-46A3-80C8-B01035378BA5}.Debug|x86.ActiveCfg = Debug|Any CPU
		{F822467E-2E06-46A3-80C8-B01035378BA5}.Debug|x86.Build.0 = Debug|Any CPU
		{F822467E-2E06-46A3-80C8-B01035378BA5}.Release|Any CPU.ActiveCfg = Release|Any CPU
		{F822467E-2E06-46A3-80C8-B01035378BA5}.Release|Any CPU.Build.0 = Release|Any CPU
		{F822467E-2E06-46A3-80C8-B01035378BA5}.Release|x64.ActiveCfg = Release|Any CPU
		{F822467E-2E06-46A3-80C8-B01035378BA5}.Release|x64.Build.0 = Release|Any CPU
		{F822467E-2E06-46A3-80C8-B01035378BA5}.Release|x86.ActiveCfg = Release|Any CPU
		{F822467E-2E06-46A3-80C8-B01035378BA5}.Release|x86.Build.0 = Release|Any CPU
		{CC2F584E-E98C-4E17-8157-3C26E6D52BFF}.Debug|Any CPU.ActiveCfg = Debug|Any CPU
		{CC2F584E-E98C-4E17-8157-3C26E6D52BFF}.Debug|Any CPU.Build.0 = Debug|Any CPU
		{CC2F584E-E98C-4E17-8157-3C26E6D52BFF}.Debug|x64.ActiveCfg = Debug|Any CPU
		{CC2F584E-E98C-4E17-8157-3C26E6D52BFF}.Debug|x64.Build.0 = Debug|Any CPU
		{CC2F584E-E98C-4E17-8157-3C26E6D52BFF}.Debug|x86.ActiveCfg = Debug|Any CPU
		{CC2F584E-E98C-4E17-8157-3C26E6D52BFF}.Debug|x86.Build.0 = Debug|Any CPU
		{CC2F584E-E98C-4E17-8157-3C26E6D52BFF}.Release|Any CPU.ActiveCfg = Release|Any CPU
		{CC2F584E-E98C-4E17-8157-3C26E6D52BFF}.Release|Any CPU.Build.0 = Release|Any CPU
		{CC2F584E-E98C-4E17-8157-3C26E6D52BFF}.Release|x64.ActiveCfg = Release|Any CPU
		{CC2F584E-E98C-4E17-8157-3C26E6D52BFF}.Release|x64.Build.0 = Release|Any CPU
		{CC2F584E-E98C-4E17-8157-3C26E6D52BFF}.Release|x86.ActiveCfg = Release|Any CPU
		{CC2F584E-E98C-4E17-8157-3C26E6D52BFF}.Release|x86.Build.0 = Release|Any CPU
		{7A923531-5644-4AD5-98BA-BD27066F2F12}.Debug|Any CPU.ActiveCfg = Debug|Any CPU
		{7A923531-5644-4AD5-98BA-BD27066F2F12}.Debug|Any CPU.Build.0 = Debug|Any CPU
		{7A923531-5644-4AD5-98BA-BD27066F2F12}.Debug|x64.ActiveCfg = Debug|Any CPU
		{7A923531-5644-4AD5-98BA-BD27066F2F12}.Debug|x64.Build.0 = Debug|Any CPU
		{7A923531-5644-4AD5-98BA-BD27066F2F12}.Debug|x86.ActiveCfg = Debug|Any CPU
		{7A923531-5644-4AD5-98BA-BD27066F2F12}.Debug|x86.Build.0 = Debug|Any CPU
		{7A923531-5644-4AD5-98BA-BD27066F2F12}.Release|Any CPU.ActiveCfg = Release|Any CPU
		{7A923531-5644-4AD5-98BA-BD27066F2F12}.Release|Any CPU.Build.0 = Release|Any CPU
		{7A923531-5644-4AD5-98BA-BD27066F2F12}.Release|x64.ActiveCfg = Release|Any CPU
		{7A923531-5644-4AD5-98BA-BD27066F2F12}.Release|x64.Build.0 = Release|Any CPU
		{7A923531-5644-4AD5-98BA-BD27066F2F12}.Release|x86.ActiveCfg = Release|Any CPU
		{7A923531-5644-4AD5-98BA-BD27066F2F12}.Release|x86.Build.0 = Release|Any CPU
		{0FA1DD42-046B-4B14-870B-27D792A625E5}.Debug|Any CPU.ActiveCfg = Debug|Any CPU
		{0FA1DD42-046B-4B14-870B-27D792A625E5}.Debug|Any CPU.Build.0 = Debug|Any CPU
		{0FA1DD42-046B-4B14-870B-27D792A625E5}.Debug|x64.ActiveCfg = Debug|Any CPU
		{0FA1DD42-046B-4B14-870B-27D792A625E5}.Debug|x64.Build.0 = Debug|Any CPU
		{0FA1DD42-046B-4B14-870B-27D792A625E5}.Debug|x86.ActiveCfg = Debug|Any CPU
		{0FA1DD42-046B-4B14-870B-27D792A625E5}.Debug|x86.Build.0 = Debug|Any CPU
		{0FA1DD42-046B-4B14-870B-27D792A625E5}.Release|Any CPU.ActiveCfg = Release|Any CPU
		{0FA1DD42-046B-4B14-870B-27D792A625E5}.Release|Any CPU.Build.0 = Release|Any CPU
		{0FA1DD42-046B-4B14-870B-27D792A625E5}.Release|x64.ActiveCfg = Release|Any CPU
		{0FA1DD42-046B-4B14-870B-27D792A625E5}.Release|x64.Build.0 = Release|Any CPU
		{0FA1DD42-046B-4B14-870B-27D792A625E5}.Release|x86.ActiveCfg = Release|Any CPU
		{0FA1DD42-046B-4B14-870B-27D792A625E5}.Release|x86.Build.0 = Release|Any CPU
		{5F342912-57DF-4679-B6E4-A0F6BDA949E5}.Debug|Any CPU.ActiveCfg = Debug|Any CPU
		{5F342912-57DF-4679-B6E4-A0F6BDA949E5}.Debug|Any CPU.Build.0 = Debug|Any CPU
		{5F342912-57DF-4679-B6E4-A0F6BDA949E5}.Debug|x64.ActiveCfg = Debug|Any CPU
		{5F342912-57DF-4679-B6E4-A0F6BDA949E5}.Debug|x64.Build.0 = Debug|Any CPU
		{5F342912-57DF-4679-B6E4-A0F6BDA949E5}.Debug|x86.ActiveCfg = Debug|Any CPU
		{5F342912-57DF-4679-B6E4-A0F6BDA949E5}.Debug|x86.Build.0 = Debug|Any CPU
		{5F342912-57DF-4679-B6E4-A0F6BDA949E5}.Release|Any CPU.ActiveCfg = Release|Any CPU
		{5F342912-57DF-4679-B6E4-A0F6BDA949E5}.Release|Any CPU.Build.0 = Release|Any CPU
		{5F342912-57DF-4679-B6E4-A0F6BDA949E5}.Release|x64.ActiveCfg = Release|Any CPU
		{5F342912-57DF-4679-B6E4-A0F6BDA949E5}.Release|x64.Build.0 = Release|Any CPU
		{5F342912-57DF-4679-B6E4-A0F6BDA949E5}.Release|x86.ActiveCfg = Release|Any CPU
		{5F342912-57DF-4679-B6E4-A0F6BDA949E5}.Release|x86.Build.0 = Release|Any CPU
		{605EC1A1-91FA-42EF-AAFD-41FAF075CED1}.Debug|Any CPU.ActiveCfg = Debug|Any CPU
		{605EC1A1-91FA-42EF-AAFD-41FAF075CED1}.Debug|Any CPU.Build.0 = Debug|Any CPU
		{605EC1A1-91FA-42EF-AAFD-41FAF075CED1}.Debug|x64.ActiveCfg = Debug|Any CPU
		{605EC1A1-91FA-42EF-AAFD-41FAF075CED1}.Debug|x64.Build.0 = Debug|Any CPU
		{605EC1A1-91FA-42EF-AAFD-41FAF075CED1}.Debug|x86.ActiveCfg = Debug|Any CPU
		{605EC1A1-91FA-42EF-AAFD-41FAF075CED1}.Debug|x86.Build.0 = Debug|Any CPU
		{605EC1A1-91FA-42EF-AAFD-41FAF075CED1}.Release|Any CPU.ActiveCfg = Release|Any CPU
		{605EC1A1-91FA-42EF-AAFD-41FAF075CED1}.Release|Any CPU.Build.0 = Release|Any CPU
		{605EC1A1-91FA-42EF-AAFD-41FAF075CED1}.Release|x64.ActiveCfg = Release|Any CPU
		{605EC1A1-91FA-42EF-AAFD-41FAF075CED1}.Release|x64.Build.0 = Release|Any CPU
		{605EC1A1-91FA-42EF-AAFD-41FAF075CED1}.Release|x86.ActiveCfg = Release|Any CPU
		{605EC1A1-91FA-42EF-AAFD-41FAF075CED1}.Release|x86.Build.0 = Release|Any CPU
		{DE1332A6-31BB-4106-992C-29B79978DFF9}.Debug|Any CPU.ActiveCfg = Debug|Any CPU
		{DE1332A6-31BB-4106-992C-29B79978DFF9}.Debug|Any CPU.Build.0 = Debug|Any CPU
		{DE1332A6-31BB-4106-992C-29B79978DFF9}.Debug|x64.ActiveCfg = Debug|Any CPU
		{DE1332A6-31BB-4106-992C-29B79978DFF9}.Debug|x64.Build.0 = Debug|Any CPU
		{DE1332A6-31BB-4106-992C-29B79978DFF9}.Debug|x86.ActiveCfg = Debug|Any CPU
		{DE1332A6-31BB-4106-992C-29B79978DFF9}.Debug|x86.Build.0 = Debug|Any CPU
		{DE1332A6-31BB-4106-992C-29B79978DFF9}.Release|Any CPU.ActiveCfg = Release|Any CPU
		{DE1332A6-31BB-4106-992C-29B79978DFF9}.Release|Any CPU.Build.0 = Release|Any CPU
		{DE1332A6-31BB-4106-992C-29B79978DFF9}.Release|x64.ActiveCfg = Release|Any CPU
		{DE1332A6-31BB-4106-992C-29B79978DFF9}.Release|x64.Build.0 = Release|Any CPU
		{DE1332A6-31BB-4106-992C-29B79978DFF9}.Release|x86.ActiveCfg = Release|Any CPU
		{DE1332A6-31BB-4106-992C-29B79978DFF9}.Release|x86.Build.0 = Release|Any CPU
		{8A49B443-CA13-4CB7-8351-E8590EC7392C}.Debug|Any CPU.ActiveCfg = Debug|Any CPU
		{8A49B443-CA13-4CB7-8351-E8590EC7392C}.Debug|Any CPU.Build.0 = Debug|Any CPU
		{8A49B443-CA13-4CB7-8351-E8590EC7392C}.Debug|x64.ActiveCfg = Debug|Any CPU
		{8A49B443-CA13-4CB7-8351-E8590EC7392C}.Debug|x64.Build.0 = Debug|Any CPU
		{8A49B443-CA13-4CB7-8351-E8590EC7392C}.Debug|x86.ActiveCfg = Debug|Any CPU
		{8A49B443-CA13-4CB7-8351-E8590EC7392C}.Debug|x86.Build.0 = Debug|Any CPU
		{8A49B443-CA13-4CB7-8351-E8590EC7392C}.Release|Any CPU.ActiveCfg = Release|Any CPU
		{8A49B443-CA13-4CB7-8351-E8590EC7392C}.Release|Any CPU.Build.0 = Release|Any CPU
		{8A49B443-CA13-4CB7-8351-E8590EC7392C}.Release|x64.ActiveCfg = Release|Any CPU
		{8A49B443-CA13-4CB7-8351-E8590EC7392C}.Release|x64.Build.0 = Release|Any CPU
		{8A49B443-CA13-4CB7-8351-E8590EC7392C}.Release|x86.ActiveCfg = Release|Any CPU
		{8A49B443-CA13-4CB7-8351-E8590EC7392C}.Release|x86.Build.0 = Release|Any CPU
		{5A7FE137-60DB-4085-BC9E-0533141CED1E}.Debug|Any CPU.ActiveCfg = Debug|Any CPU
		{5A7FE137-60DB-4085-BC9E-0533141CED1E}.Debug|Any CPU.Build.0 = Debug|Any CPU
		{5A7FE137-60DB-4085-BC9E-0533141CED1E}.Debug|x64.ActiveCfg = Debug|Any CPU
		{5A7FE137-60DB-4085-BC9E-0533141CED1E}.Debug|x64.Build.0 = Debug|Any CPU
		{5A7FE137-60DB-4085-BC9E-0533141CED1E}.Debug|x86.ActiveCfg = Debug|Any CPU
		{5A7FE137-60DB-4085-BC9E-0533141CED1E}.Debug|x86.Build.0 = Debug|Any CPU
		{5A7FE137-60DB-4085-BC9E-0533141CED1E}.Release|Any CPU.ActiveCfg = Release|Any CPU
		{5A7FE137-60DB-4085-BC9E-0533141CED1E}.Release|Any CPU.Build.0 = Release|Any CPU
		{5A7FE137-60DB-4085-BC9E-0533141CED1E}.Release|x64.ActiveCfg = Release|Any CPU
		{5A7FE137-60DB-4085-BC9E-0533141CED1E}.Release|x64.Build.0 = Release|Any CPU
		{5A7FE137-60DB-4085-BC9E-0533141CED1E}.Release|x86.ActiveCfg = Release|Any CPU
		{5A7FE137-60DB-4085-BC9E-0533141CED1E}.Release|x86.Build.0 = Release|Any CPU
		{BCCBC996-94B3-46EC-9CCE-8CB36889406C}.Debug|Any CPU.ActiveCfg = Debug|Any CPU
		{BCCBC996-94B3-46EC-9CCE-8CB36889406C}.Debug|Any CPU.Build.0 = Debug|Any CPU
		{BCCBC996-94B3-46EC-9CCE-8CB36889406C}.Debug|x64.ActiveCfg = Debug|Any CPU
		{BCCBC996-94B3-46EC-9CCE-8CB36889406C}.Debug|x64.Build.0 = Debug|Any CPU
		{BCCBC996-94B3-46EC-9CCE-8CB36889406C}.Debug|x86.ActiveCfg = Debug|Any CPU
		{BCCBC996-94B3-46EC-9CCE-8CB36889406C}.Debug|x86.Build.0 = Debug|Any CPU
		{BCCBC996-94B3-46EC-9CCE-8CB36889406C}.Release|Any CPU.ActiveCfg = Release|Any CPU
		{BCCBC996-94B3-46EC-9CCE-8CB36889406C}.Release|Any CPU.Build.0 = Release|Any CPU
		{BCCBC996-94B3-46EC-9CCE-8CB36889406C}.Release|x64.ActiveCfg = Release|Any CPU
		{BCCBC996-94B3-46EC-9CCE-8CB36889406C}.Release|x64.Build.0 = Release|Any CPU
		{BCCBC996-94B3-46EC-9CCE-8CB36889406C}.Release|x86.ActiveCfg = Release|Any CPU
		{BCCBC996-94B3-46EC-9CCE-8CB36889406C}.Release|x86.Build.0 = Release|Any CPU
		{079E23F9-7C0A-4113-B82F-1F9C2FFB4CE4}.Debug|Any CPU.ActiveCfg = Debug|Any CPU
		{079E23F9-7C0A-4113-B82F-1F9C2FFB4CE4}.Debug|Any CPU.Build.0 = Debug|Any CPU
		{079E23F9-7C0A-4113-B82F-1F9C2FFB4CE4}.Debug|x64.ActiveCfg = Debug|Any CPU
		{079E23F9-7C0A-4113-B82F-1F9C2FFB4CE4}.Debug|x64.Build.0 = Debug|Any CPU
		{079E23F9-7C0A-4113-B82F-1F9C2FFB4CE4}.Debug|x86.ActiveCfg = Debug|Any CPU
		{079E23F9-7C0A-4113-B82F-1F9C2FFB4CE4}.Debug|x86.Build.0 = Debug|Any CPU
		{079E23F9-7C0A-4113-B82F-1F9C2FFB4CE4}.Release|Any CPU.ActiveCfg = Release|Any CPU
		{079E23F9-7C0A-4113-B82F-1F9C2FFB4CE4}.Release|Any CPU.Build.0 = Release|Any CPU
		{079E23F9-7C0A-4113-B82F-1F9C2FFB4CE4}.Release|x64.ActiveCfg = Release|Any CPU
		{079E23F9-7C0A-4113-B82F-1F9C2FFB4CE4}.Release|x64.Build.0 = Release|Any CPU
		{079E23F9-7C0A-4113-B82F-1F9C2FFB4CE4}.Release|x86.ActiveCfg = Release|Any CPU
		{079E23F9-7C0A-4113-B82F-1F9C2FFB4CE4}.Release|x86.Build.0 = Release|Any CPU
		{7C31EAE1-C7C8-4903-AA3B-97FA5F7EC950}.Debug|Any CPU.ActiveCfg = Debug|Any CPU
		{7C31EAE1-C7C8-4903-AA3B-97FA5F7EC950}.Debug|Any CPU.Build.0 = Debug|Any CPU
		{7C31EAE1-C7C8-4903-AA3B-97FA5F7EC950}.Debug|x64.ActiveCfg = Debug|Any CPU
		{7C31EAE1-C7C8-4903-AA3B-97FA5F7EC950}.Debug|x64.Build.0 = Debug|Any CPU
		{7C31EAE1-C7C8-4903-AA3B-97FA5F7EC950}.Debug|x86.ActiveCfg = Debug|Any CPU
		{7C31EAE1-C7C8-4903-AA3B-97FA5F7EC950}.Debug|x86.Build.0 = Debug|Any CPU
		{7C31EAE1-C7C8-4903-AA3B-97FA5F7EC950}.Release|Any CPU.ActiveCfg = Release|Any CPU
		{7C31EAE1-C7C8-4903-AA3B-97FA5F7EC950}.Release|Any CPU.Build.0 = Release|Any CPU
		{7C31EAE1-C7C8-4903-AA3B-97FA5F7EC950}.Release|x64.ActiveCfg = Release|Any CPU
		{7C31EAE1-C7C8-4903-AA3B-97FA5F7EC950}.Release|x64.Build.0 = Release|Any CPU
		{7C31EAE1-C7C8-4903-AA3B-97FA5F7EC950}.Release|x86.ActiveCfg = Release|Any CPU
		{7C31EAE1-C7C8-4903-AA3B-97FA5F7EC950}.Release|x86.Build.0 = Release|Any CPU
		{3FBCBF9A-FAC2-45DF-95C3-954FB55AA236}.Debug|Any CPU.ActiveCfg = Debug|Any CPU
		{3FBCBF9A-FAC2-45DF-95C3-954FB55AA236}.Debug|Any CPU.Build.0 = Debug|Any CPU
		{3FBCBF9A-FAC2-45DF-95C3-954FB55AA236}.Debug|x64.ActiveCfg = Debug|Any CPU
		{3FBCBF9A-FAC2-45DF-95C3-954FB55AA236}.Debug|x64.Build.0 = Debug|Any CPU
		{3FBCBF9A-FAC2-45DF-95C3-954FB55AA236}.Debug|x86.ActiveCfg = Debug|Any CPU
		{3FBCBF9A-FAC2-45DF-95C3-954FB55AA236}.Debug|x86.Build.0 = Debug|Any CPU
		{3FBCBF9A-FAC2-45DF-95C3-954FB55AA236}.Release|Any CPU.ActiveCfg = Release|Any CPU
		{3FBCBF9A-FAC2-45DF-95C3-954FB55AA236}.Release|Any CPU.Build.0 = Release|Any CPU
		{3FBCBF9A-FAC2-45DF-95C3-954FB55AA236}.Release|x64.ActiveCfg = Release|Any CPU
		{3FBCBF9A-FAC2-45DF-95C3-954FB55AA236}.Release|x64.Build.0 = Release|Any CPU
		{3FBCBF9A-FAC2-45DF-95C3-954FB55AA236}.Release|x86.ActiveCfg = Release|Any CPU
		{3FBCBF9A-FAC2-45DF-95C3-954FB55AA236}.Release|x86.Build.0 = Release|Any CPU
		{E8738FC2-1908-482E-93E4-FC173CAA4B12}.Debug|Any CPU.ActiveCfg = Debug|Any CPU
		{E8738FC2-1908-482E-93E4-FC173CAA4B12}.Debug|Any CPU.Build.0 = Debug|Any CPU
		{E8738FC2-1908-482E-93E4-FC173CAA4B12}.Debug|x64.ActiveCfg = Debug|Any CPU
		{E8738FC2-1908-482E-93E4-FC173CAA4B12}.Debug|x64.Build.0 = Debug|Any CPU
		{E8738FC2-1908-482E-93E4-FC173CAA4B12}.Debug|x86.ActiveCfg = Debug|Any CPU
		{E8738FC2-1908-482E-93E4-FC173CAA4B12}.Debug|x86.Build.0 = Debug|Any CPU
		{E8738FC2-1908-482E-93E4-FC173CAA4B12}.Release|Any CPU.ActiveCfg = Release|Any CPU
		{E8738FC2-1908-482E-93E4-FC173CAA4B12}.Release|Any CPU.Build.0 = Release|Any CPU
		{E8738FC2-1908-482E-93E4-FC173CAA4B12}.Release|x64.ActiveCfg = Release|Any CPU
		{E8738FC2-1908-482E-93E4-FC173CAA4B12}.Release|x64.Build.0 = Release|Any CPU
		{E8738FC2-1908-482E-93E4-FC173CAA4B12}.Release|x86.ActiveCfg = Release|Any CPU
		{E8738FC2-1908-482E-93E4-FC173CAA4B12}.Release|x86.Build.0 = Release|Any CPU
		{FA486045-4224-4BCC-ADE1-FAB4CE3EC1E0}.Debug|Any CPU.ActiveCfg = Debug|Any CPU
		{FA486045-4224-4BCC-ADE1-FAB4CE3EC1E0}.Debug|Any CPU.Build.0 = Debug|Any CPU
		{FA486045-4224-4BCC-ADE1-FAB4CE3EC1E0}.Debug|x64.ActiveCfg = Debug|Any CPU
		{FA486045-4224-4BCC-ADE1-FAB4CE3EC1E0}.Debug|x64.Build.0 = Debug|Any CPU
		{FA486045-4224-4BCC-ADE1-FAB4CE3EC1E0}.Debug|x86.ActiveCfg = Debug|Any CPU
		{FA486045-4224-4BCC-ADE1-FAB4CE3EC1E0}.Debug|x86.Build.0 = Debug|Any CPU
		{FA486045-4224-4BCC-ADE1-FAB4CE3EC1E0}.Release|Any CPU.ActiveCfg = Release|Any CPU
		{FA486045-4224-4BCC-ADE1-FAB4CE3EC1E0}.Release|Any CPU.Build.0 = Release|Any CPU
		{FA486045-4224-4BCC-ADE1-FAB4CE3EC1E0}.Release|x64.ActiveCfg = Release|Any CPU
		{FA486045-4224-4BCC-ADE1-FAB4CE3EC1E0}.Release|x64.Build.0 = Release|Any CPU
		{FA486045-4224-4BCC-ADE1-FAB4CE3EC1E0}.Release|x86.ActiveCfg = Release|Any CPU
		{FA486045-4224-4BCC-ADE1-FAB4CE3EC1E0}.Release|x86.Build.0 = Release|Any CPU
		{FCD0B1C0-C7BE-44DF-A262-255820EE55BA}.Debug|Any CPU.ActiveCfg = Debug|Any CPU
		{FCD0B1C0-C7BE-44DF-A262-255820EE55BA}.Debug|Any CPU.Build.0 = Debug|Any CPU
		{FCD0B1C0-C7BE-44DF-A262-255820EE55BA}.Debug|x64.ActiveCfg = Debug|Any CPU
		{FCD0B1C0-C7BE-44DF-A262-255820EE55BA}.Debug|x64.Build.0 = Debug|Any CPU
		{FCD0B1C0-C7BE-44DF-A262-255820EE55BA}.Debug|x86.ActiveCfg = Debug|Any CPU
		{FCD0B1C0-C7BE-44DF-A262-255820EE55BA}.Debug|x86.Build.0 = Debug|Any CPU
		{FCD0B1C0-C7BE-44DF-A262-255820EE55BA}.Release|Any CPU.ActiveCfg = Release|Any CPU
		{FCD0B1C0-C7BE-44DF-A262-255820EE55BA}.Release|Any CPU.Build.0 = Release|Any CPU
		{FCD0B1C0-C7BE-44DF-A262-255820EE55BA}.Release|x64.ActiveCfg = Release|Any CPU
		{FCD0B1C0-C7BE-44DF-A262-255820EE55BA}.Release|x64.Build.0 = Release|Any CPU
		{FCD0B1C0-C7BE-44DF-A262-255820EE55BA}.Release|x86.ActiveCfg = Release|Any CPU
		{FCD0B1C0-C7BE-44DF-A262-255820EE55BA}.Release|x86.Build.0 = Release|Any CPU
	EndGlobalSection
	GlobalSection(SolutionProperties) = preSolution
		HideSolutionNode = FALSE
	EndGlobalSection
	GlobalSection(NestedProjects) = preSolution
		{FADD5802-870F-4A89-AF0B-36796DFCEC54} = {0AB3BF05-4346-4AA6-1389-037BE0695223}
		{B248B0FF-C727-4B02-819F-64A2B012B03A} = {66320409-64EC-F7C5-3DEF-65E7510DAAD1}
		{7CE57313-D1AC-4ADF-BC49-A9FC6294510F} = {5D20AA90-6969-D8BD-9DCD-8634F4692FDA}
		{CE1F9180-1A5B-4D13-9D7F-9690BEDF2586} = {827E0CD3-B72D-47B6-A68D-7590B98EB39B}
		{32DA2040-8772-4D57-9E73-C4DDE49D64EE} = {827E0CD3-B72D-47B6-A68D-7590B98EB39B}
		{1D715B71-FD87-41DD-8939-C24710B50A8F} = {827E0CD3-B72D-47B6-A68D-7590B98EB39B}
		{FE6D38AF-75EA-4594-AE1A-97A4B7CE3E24} = {827E0CD3-B72D-47B6-A68D-7590B98EB39B}
		{3B3398DB-5C57-44ED-89F9-078E9AE6EA81} = {827E0CD3-B72D-47B6-A68D-7590B98EB39B}
		{0F026D00-A036-4E80-B053-344ABB91AD85} = {827E0CD3-B72D-47B6-A68D-7590B98EB39B}
		{3CB79031-6258-48E7-9BD1-0E3B8978527C} = {827E0CD3-B72D-47B6-A68D-7590B98EB39B}
		{60FFA17D-B1E6-4EFB-BCBE-9526982F9B95} = {827E0CD3-B72D-47B6-A68D-7590B98EB39B}
		{13AE257F-0A55-4F14-BF88-02063AF795B1} = {827E0CD3-B72D-47B6-A68D-7590B98EB39B}
		{F25488C4-75CE-4B50-9222-1D5CAA9545DB} = {827E0CD3-B72D-47B6-A68D-7590B98EB39B}
		{6E5DF457-0FD8-456D-88E0-1A6939998AB1} = {0AB3BF05-4346-4AA6-1389-037BE0695223}
		{5F97724B-A15D-4E87-8382-AF6A43A4FB25} = {827E0CD3-B72D-47B6-A68D-7590B98EB39B}
		{FC97D95F-2F39-4CC9-BCF3-F96BF5BA7593} = {0AB3BF05-4346-4AA6-1389-037BE0695223}
		{1B71DC74-3AAD-4F4A-89C6-369B7642E032} = {827E0CD3-B72D-47B6-A68D-7590B98EB39B}
		{E991A50D-181B-4086-8C45-4814C584A968} = {827E0CD3-B72D-47B6-A68D-7590B98EB39B}
		{7499620C-151B-4536-9483-71E617D31A95} = {827E0CD3-B72D-47B6-A68D-7590B98EB39B}
		{6F37D843-7C72-4881-910D-F703A01621F1} = {827E0CD3-B72D-47B6-A68D-7590B98EB39B}
		{671AB22D-D5FD-41A5-97C5-387178418236} = {827E0CD3-B72D-47B6-A68D-7590B98EB39B}
		{F822467E-2E06-46A3-80C8-B01035378BA5} = {827E0CD3-B72D-47B6-A68D-7590B98EB39B}
		{CC2F584E-E98C-4E17-8157-3C26E6D52BFF} = {0AB3BF05-4346-4AA6-1389-037BE0695223}
		{7A923531-5644-4AD5-98BA-BD27066F2F12} = {827E0CD3-B72D-47B6-A68D-7590B98EB39B}
		{0FA1DD42-046B-4B14-870B-27D792A625E5} = {0AB3BF05-4346-4AA6-1389-037BE0695223}
		{5F342912-57DF-4679-B6E4-A0F6BDA949E5} = {827E0CD3-B72D-47B6-A68D-7590B98EB39B}
		{605EC1A1-91FA-42EF-AAFD-41FAF075CED1} = {0AB3BF05-4346-4AA6-1389-037BE0695223}
		{DE1332A6-31BB-4106-992C-29B79978DFF9} = {5D20AA90-6969-D8BD-9DCD-8634F4692FDA}
		{8A49B443-CA13-4CB7-8351-E8590EC7392C} = {827E0CD3-B72D-47B6-A68D-7590B98EB39B}
		{5A7FE137-60DB-4085-BC9E-0533141CED1E} = {0AB3BF05-4346-4AA6-1389-037BE0695223}
		{BCCBC996-94B3-46EC-9CCE-8CB36889406C} = {827E0CD3-B72D-47B6-A68D-7590B98EB39B}
		{079E23F9-7C0A-4113-B82F-1F9C2FFB4CE4} = {827E0CD3-B72D-47B6-A68D-7590B98EB39B}
		{7C31EAE1-C7C8-4903-AA3B-97FA5F7EC950} = {0AB3BF05-4346-4AA6-1389-037BE0695223}
		{3FBCBF9A-FAC2-45DF-95C3-954FB55AA236} = {0AB3BF05-4346-4AA6-1389-037BE0695223}
		{E8738FC2-1908-482E-93E4-FC173CAA4B12} = {827E0CD3-B72D-47B6-A68D-7590B98EB39B}
		{FA486045-4224-4BCC-ADE1-FAB4CE3EC1E0} = {827E0CD3-B72D-47B6-A68D-7590B98EB39B}
		{FCD0B1C0-C7BE-44DF-A262-255820EE55BA} = {827E0CD3-B72D-47B6-A68D-7590B98EB39B}
	EndGlobalSection
EndGlobal
