
Microsoft Visual Studio Solution File, Format Version 12.00
# Visual Studio Version 17
VisualStudioVersion = 17.0.31903.59
MinimumVisualStudioVersion = 10.0.40219.1
Project("{2150E333-8FDC-42A3-9474-1A3956D46DE8}") = "src", "src", "{827E0CD3-B72D-47B6-A68D-7590B98EB39B}"
EndProject
Project("{2150E333-8FDC-42A3-9474-1A3956D46DE8}") = "tests", "tests", "{0AB3BF05-4346-4AA6-1389-037BE0695223}"
EndProject
Project("{FAE04EC0-301F-11D3-BF4B-00C04F79EFBC}") = "TurtlePath.Tests", "tests\TurtlePath.Tests\TurtlePath.Tests.csproj", "{FADD5802-870F-4A89-AF0B-36796DFCEC54}"
EndProject
Project("{2150E333-8FDC-42A3-9474-1A3956D46DE8}") = "benchmarks", "benchmarks", "{66320409-64EC-F7C5-3DEF-65E7510DAAD1}"
EndProject
Project("{FAE04EC0-301F-11D3-BF4B-00C04F79EFBC}") = "TurtlePath.Benchmarks", "benchmarks\TurtlePath.Benchmarks\TurtlePath.Benchmarks.csproj", "{B248B0FF-C727-4B02-819F-64A2B012B03A}"
EndProject
Project("{2150E333-8FDC-42A3-9474-1A3956D46DE8}") = "samples", "samples", "{5D20AA90-6969-D8BD-9DCD-8634F4692FDA}"
EndProject
Project("{FAE04EC0-301F-11D3-BF4B-00C04F79EFBC}") = "TurtlePath.Samples.Basic", "samples\TurtlePath.Samples.Basic\TurtlePath.Samples.Basic.csproj", "{7CE57313-D1AC-4ADF-BC49-A9FC6294510F}"
EndProject
Project("{2150E333-8FDC-42A3-9474-1A3956D46DE8}") = "Solution Items", "Solution Items", "{6E21585C-62F9-49D6-91CA-CFDA7A856FEB}"
	ProjectSection(SolutionItems) = preProject
		Directory.Build.props = Directory.Build.props
	EndProjectSection
EndProject
Project("{FAE04EC0-301F-11D3-BF4B-00C04F79EFBC}") = "TurtlePath.Domain", "src\TurtlePath.Domain\TurtlePath.Domain.csproj", "{CE1F9180-1A5B-4D13-9D7F-9690BEDF2586}"
EndProject
Project("{FAE04EC0-301F-11D3-BF4B-00C04F79EFBC}") = "TurtlePath.EntityFrameworkCore", "src\TurtlePath.EntityFrameworkCore\TurtlePath.EntityFrameworkCore.csproj", "{32DA2040-8772-4D57-9E73-C4DDE49D64EE}"
EndProject
Project("{FAE04EC0-301F-11D3-BF4B-00C04F79EFBC}") = "TurtlePath.OctoMap", "src\TurtlePath.OctoMap\TurtlePath.OctoMap.csproj", "{1D715B71-FD87-41DD-8939-C24710B50A8F}"
EndProject
Project("{FAE04EC0-301F-11D3-BF4B-00C04F79EFBC}") = "TurtlePath.Crabalidator", "src\TurtlePath.Crabalidator\TurtlePath.Crabalidator.csproj", "{FE6D38AF-75EA-4594-AE1A-97A4B7CE3E24}"
EndProject
Project("{FAE04EC0-301F-11D3-BF4B-00C04F79EFBC}") = "TurtlePath.Sieve", "src\TurtlePath.Sieve\TurtlePath.Sieve.csproj", "{3B3398DB-5C57-44ED-89F9-078E9AE6EA81}"
EndProject
Project("{FAE04EC0-301F-11D3-BF4B-00C04F79EFBC}") = "TurtlePath.Abstractions", "src\TurtlePath.Abstractions\TurtlePath.Abstractions.csproj", "{0F026D00-A036-4E80-B053-344ABB91AD85}"
EndProject
Project("{FAE04EC0-301F-11D3-BF4B-00C04F79EFBC}") = "TurtlePath", "src\TurtlePath\TurtlePath.csproj", "{3CB79031-6258-48E7-9BD1-0E3B8978527C}"
EndProject
Project("{FAE04EC0-301F-11D3-BF4B-00C04F79EFBC}") = "TurtlePath.AutoMapper", "src\TurtlePath.AutoMapper\TurtlePath.AutoMapper.csproj", "{60FFA17D-B1E6-4EFB-BCBE-9526982F9B95}"
EndProject
Project("{FAE04EC0-301F-11D3-BF4B-00C04F79EFBC}") = "TurtlePath.FluentValidation", "src\TurtlePath.FluentValidation\TurtlePath.FluentValidation.csproj", "{13AE257F-0A55-4F14-BF88-02063AF795B1}"
EndProject
Project("{FAE04EC0-301F-11D3-BF4B-00C04F79EFBC}") = "TurtlePath.Automations", "src\TurtlePath.Automations\TurtlePath.Automations.csproj", "{F25488C4-75CE-4B50-9222-1D5CAA9545DB}"
EndProject
Project("{FAE04EC0-301F-11D3-BF4B-00C04F79EFBC}") = "TurtlePath.Automations.Tests", "tests\TurtlePath.Automations.Tests\TurtlePath.Automations.Tests.csproj", "{6E5DF457-0FD8-456D-88E0-1A6939998AB1}"
EndProject
Project("{FAE04EC0-301F-11D3-BF4B-00C04F79EFBC}") = "TurtlePath.Analyzers", "src\TurtlePath.Analyzers\TurtlePath.Analyzers.csproj", "{5F97724B-A15D-4E87-8382-AF6A43A4FB25}"
EndProject
Project("{FAE04EC0-301F-11D3-BF4B-00C04F79EFBC}") = "TurtlePath.Analyzers.Tests", "tests\TurtlePath.Analyzers.Tests\TurtlePath.Analyzers.Tests.csproj", "{FC97D95F-2F39-4CC9-BCF3-F96BF5BA7593}"
EndProject
Global
	GlobalSection(SolutionConfigurationPlatforms) = preSolution
		Debug|Any CPU = Debug|Any CPU
		Debug|x64 = Debug|x64
		Debug|x86 = Debug|x86
		Release|Any CPU = Release|Any CPU
		Release|x64 = Release|x64
		Release|x86 = Release|x86
	EndGlobalSection
	GlobalSection(ProjectConfigurationPlatforms) = postSolution
		{FADD5802-870F-4A89-AF0B-36796DFCEC54}.Debug|Any CPU.ActiveCfg = Debug|Any CPU
		{FADD5802-870F-4A89-AF0B-36796DFCEC54}.Debug|Any CPU.Build.0 = Debug|Any CPU
		{FADD5802-870F-4A89-AF0B-36796DFCEC54}.Debug|x64.ActiveCfg = Debug|Any CPU
		{FADD5802-870F-4A89-AF0B-36796DFCEC54}.Debug|x64.Build.0 = Debug|Any CPU
		{FADD5802-870F-4A89-AF0B-36796DFCEC54}.Debug|x86.ActiveCfg = Debug|Any CPU
		{FADD5802-870F-4A89-AF0B-36796DFCEC54}.Debug|x86.Build.0 = Debug|Any CPU
		{FADD5802-870F-4A89-AF0B-36796DFCEC54}.Release|Any CPU.ActiveCfg = Release|Any CPU
		{FADD5802-870F-4A89-AF0B-36796DFCEC54}.Release|Any CPU.Build.0 = Release|Any CPU
		{FADD5802-870F-4A89-AF0B-36796DFCEC54}.Release|x64.ActiveCfg = Release|Any CPU
		{FADD5802-870F-4A89-AF0B-36796DFCEC54}.Release|x64.Build.0 = Release|Any CPU
		{FADD5802-870F-4A89-AF0B-36796DFCEC54}.Release|x86.ActiveCfg = Release|Any CPU
		{FADD5802-870F-4A89-AF0B-36796DFCEC54}.Release|x86.Build.0 = Release|Any CPU
		{B248B0FF-C727-4B02-819F-64A2B012B03A}.Debug|Any CPU.ActiveCfg = Debug|Any CPU
		{B248B0FF-C727-4B02-819F-64A2B012B03A}.Debug|Any CPU.Build.0 = Debug|Any CPU
		{B248B0FF-C727-4B02-819F-64A2B012B03A}.Debug|x64.ActiveCfg = Debug|Any CPU
		{B248B0FF-C727-4B02-819F-64A2B012B03A}.Debug|x64.Build.0 = Debug|Any CPU
		{B248B0FF-C727-4B02-819F-64A2B012B03A}.Debug|x86.ActiveCfg = Debug|Any CPU
		{B248B0FF-C727-4B02-819F-64A2B012B03A}.Debug|x86.Build.0 = Debug|Any CPU
		{B248B0FF-C727-4B02-819F-64A2B012B03A}.Release|Any CPU.ActiveCfg = Release|Any CPU
		{B248B0FF-C727-4B02-819F-64A2B012B03A}.Release|Any CPU.Build.0 = Release|Any CPU
		{B248B0FF-C727-4B02-819F-64A2B012B03A}.Release|x64.ActiveCfg = Release|Any CPU
		{B248B0FF-C727-4B02-819F-64A2B012B03A}.Release|x64.Build.0 = Release|Any CPU
		{B248B0FF-C727-4B02-819F-64A2B012B03A}.Release|x86.ActiveCfg = Release|Any CPU
		{B248B0FF-C727-4B02-819F-64A2B012B03A}.Release|x86.Build.0 = Release|Any CPU
		{7CE57313-D1AC-4ADF-BC49-A9FC6294510F}.Debug|Any CPU.ActiveCfg = Debug|Any CPU
		{7CE57313-D1AC-4ADF-BC49-A9FC6294510F}.Debug|Any CPU.Build.0 = Debug|Any CPU
		{7CE57313-D1AC-4ADF-BC49-A9FC6294510F}.Debug|x64.ActiveCfg = Debug|Any CPU
		{7CE57313-D1AC-4ADF-BC49-A9FC6294510F}.Debug|x64.Build.0 = Debug|Any CPU
		{7CE57313-D1AC-4ADF-BC49-A9FC6294510F}.Debug|x86.ActiveCfg = Debug|Any CPU
		{7CE57313-D1AC-4ADF-BC49-A9FC6294510F}.Debug|x86.Build.0 = Debug|Any CPU
		{7CE57313-D1AC-4ADF-BC49-A9FC6294510F}.Release|Any CPU.ActiveCfg = Release|Any CPU
		{7CE57313-D1AC-4ADF-BC49-A9FC6294510F}.Release|Any CPU.Build.0 = Release|Any CPU
		{7CE57313-D1AC-4ADF-BC49-A9FC6294510F}.Release|x64.ActiveCfg = Release|Any CPU
		{7CE57313-D1AC-4ADF-BC49-A9FC6294510F}.Release|x64.Build.0 = Release|Any CPU
		{7CE57313-D1AC-4ADF-BC49-A9FC6294510F}.Release|x86.ActiveCfg = Release|Any CPU
		{7CE57313-D1AC-4ADF-BC49-A9FC6294510F}.Release|x86.Build.0 = Release|Any CPU
		{CE1F9180-1A5B-4D13-9D7F-9690BEDF2586}.Debug|Any CPU.ActiveCfg = Debug|Any CPU
		{CE1F9180-1A5B-4D13-9D7F-9690BEDF2586}.Debug|Any CPU.Build.0 = Debug|Any CPU
		{CE1F9180-1A5B-4D13-9D7F-9690BEDF2586}.Debug|x64.ActiveCfg = Debug|Any CPU
		{CE1F9180-1A5B-4D13-9D7F-9690BEDF2586}.Debug|x64.Build.0 = Debug|Any CPU
		{CE1F9180-1A5B-4D13-9D7F-9690BEDF2586}.Debug|x86.ActiveCfg = Debug|Any CPU
		{CE1F9180-1A5B-4D13-9D7F-9690BEDF2586}.Debug|x86.Build.0 = Debug|Any CPU
		{CE1F9180-1A5B-4D13-9D7F-9690BEDF2586}.Release|Any CPU.ActiveCfg = Release|Any CPU
		{CE1F9180-1A5B-4D13-9D7F-9690BEDF2586}.Release|Any CPU.Build.0 = Release|Any CPU
		{CE1F9180-1A5B-4D13-9D7F-9690BEDF2586}.Release|x64.ActiveCfg = Release|Any CPU
		{CE1F9180-1A5B-4D13-9D7F-9690BEDF2586}.Release|x64.Build.0 = Release|Any CPU
		{CE1F9180-1A5B-4D13-9D7F-9690BEDF2586}.Release|x86.ActiveCfg = Release|Any CPU
		{CE1F9180-1A5B-4D13-9D7F-9690BEDF2586}.Release|x86.Build.0 = Release|Any CPU
		{32DA2040-8772-4D57-9E73-C4DDE49D64EE}.Debug|Any CPU.ActiveCfg = Debug|Any CPU
		{32DA2040-8772-4D57-9E73-C4DDE49D64EE}.Debug|Any CPU.Build.0 = Debug|Any CPU
		{32DA2040-8772-4D57-9E73-C4DDE49D64EE}.Debug|x64.ActiveCfg = Debug|Any CPU
		{32DA2040-8772-4D57-9E73-C4DDE49D64EE}.Debug|x64.Build.0 = Debug|Any CPU
		{32DA2040-8772-4D57-9E73-C4DDE49D64EE}.Debug|x86.ActiveCfg = Debug|Any CPU
		{32DA2040-8772-4D57-9E73-C4DDE49D64EE}.Debug|x86.Build.0 = Debug|Any CPU
		{32DA2040-8772-4D57-9E73-C4DDE49D64EE}.Release|Any CPU.ActiveCfg = Release|Any CPU
		{32DA2040-8772-4D57-9E73-C4DDE49D64EE}.Release|Any CPU.Build.0 = Release|Any CPU
		{32DA2040-8772-4D57-9E73-C4DDE49D64EE}.Release|x64.ActiveCfg = Release|Any CPU
		{32DA2040-8772-4D57-9E73-C4DDE49D64EE}.Release|x64.Build.0 = Release|Any CPU
		{32DA2040-8772-4D57-9E73-C4DDE49D64EE}.Release|x86.ActiveCfg = Release|Any CPU
		{32DA2040-8772-4D57-9E73-C4DDE49D64EE}.Release|x86.Build.0 = Release|Any CPU
		{1D715B71-FD87-41DD-8939-C24710B50A8F}.Debug|Any CPU.ActiveCfg = Debug|Any CPU
		{1D715B71-FD87-41DD-8939-C24710B50A8F}.Debug|Any CPU.Build.0 = Debug|Any CPU
		{1D715B71-FD87-41DD-8939-C24710B50A8F}.Debug|x64.ActiveCfg = Debug|Any CPU
		{1D715B71-FD87-41DD-8939-C24710B50A8F}.Debug|x64.Build.0 = Debug|Any CPU
		{1D715B71-FD87-41DD-8939-C24710B50A8F}.Debug|x86.ActiveCfg = Debug|Any CPU
		{1D715B71-FD87-41DD-8939-C24710B50A8F}.Debug|x86.Build.0 = Debug|Any CPU
		{1D715B71-FD87-41DD-8939-C24710B50A8F}.Release|Any CPU.ActiveCfg = Release|Any CPU
		{1D715B71-FD87-41DD-8939-C24710B50A8F}.Release|Any CPU.Build.0 = Release|Any CPU
		{1D715B71-FD87-41DD-8939-C24710B50A8F}.Release|x64.ActiveCfg = Release|Any CPU
		{1D715B71-FD87-41DD-8939-C24710B50A8F}.Release|x64.Build.0 = Release|Any CPU
		{1D715B71-FD87-41DD-8939-C24710B50A8F}.Release|x86.ActiveCfg = Release|Any CPU
		{1D715B71-FD87-41DD-8939-C24710B50A8F}.Release|x86.Build.0 = Release|Any CPU
		{FE6D38AF-75EA-4594-AE1A-97A4B7CE3E24}.Debug|Any CPU.ActiveCfg = Debug|Any CPU
		{FE6D38AF-75EA-4594-AE1A-97A4B7CE3E24}.Debug|Any CPU.Build.0 = Debug|Any CPU
		{FE6D38AF-75EA-4594-AE1A-97A4B7CE3E24}.Debug|x64.ActiveCfg = Debug|Any CPU
		{FE6D38AF-75EA-4594-AE1A-97A4B7CE3E24}.Debug|x64.Build.0 = Debug|Any CPU
		{FE6D38AF-75EA-4594-AE1A-97A4B7CE3E24}.Debug|x86.ActiveCfg = Debug|Any CPU
		{FE6D38AF-75EA-4594-AE1A-97A4B7CE3E24}.Debug|x86.Build.0 = Debug|Any CPU
		{FE6D38AF-75EA-4594-AE1A-97A4B7CE3E24}.Release|Any CPU.ActiveCfg = Release|Any CPU
		{FE6D38AF-75EA-4594-AE1A-97A4B7CE3E24}.Release|Any CPU.Build.0 = Release|Any CPU
		{FE6D38AF-75EA-4594-AE1A-97A4B7CE3E24}.Release|x64.ActiveCfg = Release|Any CPU
		{FE6D38AF-75EA-4594-AE1A-97A4B7CE3E24}.Release|x64.Build.0 = Release|Any CPU
		{FE6D38AF-75EA-4594-AE1A-97A4B7CE3E24}.Release|x86.ActiveCfg = Release|Any CPU
		{FE6D38AF-75EA-4594-AE1A-97A4B7CE3E24}.Release|x86.Build.0 = Release|Any CPU
		{3B3398DB-5C57-44ED-89F9-078E9AE6EA81}.Debug|Any CPU.ActiveCfg = Debug|Any CPU
		{3B3398DB-5C57-44ED-89F9-078E9AE6EA81}.Debug|Any CPU.Build.0 = Debug|Any CPU
		{3B3398DB-5C57-44ED-89F9-078E9AE6EA81}.Debug|x64.ActiveCfg = Debug|Any CPU
		{3B3398DB-5C57-44ED-89F9-078E9AE6EA81}.Debug|x64.Build.0 = Debug|Any CPU
		{3B3398DB-5C57-44ED-89F9-078E9AE6EA81}.Debug|x86.ActiveCfg = Debug|Any CPU
		{3B3398DB-5C57-44ED-89F9-078E9AE6EA81}.Debug|x86.Build.0 = Debug|Any CPU
		{3B3398DB-5C57-44ED-89F9-078E9AE6EA81}.Release|Any CPU.ActiveCfg = Release|Any CPU
		{3B3398DB-5C57-44ED-89F9-078E9AE6EA81}.Release|Any CPU.Build.0 = Release|Any CPU
		{3B3398DB-5C57-44ED-89F9-078E9AE6EA81}.Release|x64.ActiveCfg = Release|Any CPU
		{3B3398DB-5C57-44ED-89F9-078E9AE6EA81}.Release|x64.Build.0 = Release|Any CPU
		{3B3398DB-5C57-44ED-89F9-078E9AE6EA81}.Release|x86.ActiveCfg = Release|Any CPU
		{3B3398DB-5C57-44ED-89F9-078E9AE6EA81}.Release|x86.Build.0 = Release|Any CPU
		{0F026D00-A036-4E80-B053-344ABB91AD85}.Debug|Any CPU.ActiveCfg = Debug|Any CPU
		{0F026D00-A036-4E80-B053-344ABB91AD85}.Debug|Any CPU.Build.0 = Debug|Any CPU
		{0F026D00-A036-4E80-B053-344ABB91AD85}.Debug|x64.ActiveCfg = Debug|Any CPU
		{0F026D00-A036-4E80-B053-344ABB91AD85}.Debug|x64.Build.0 = Debug|Any CPU
		{0F026D00-A036-4E80-B053-344ABB91AD85}.Debug|x86.ActiveCfg = Debug|Any CPU
		{0F026D00-A036-4E80-B053-344ABB91AD85}.Debug|x86.Build.0 = Debug|Any CPU
		{0F026D00-A036-4E80-B053-344ABB91AD85}.Release|Any CPU.ActiveCfg = Release|Any CPU
		{0F026D00-A036-4E80-B053-344ABB91AD85}.Release|Any CPU.Build.0 = Release|Any CPU
		{0F026D00-A036-4E80-B053-344ABB91AD85}.Release|x64.ActiveCfg = Release|Any CPU
		{0F026D00-A036-4E80-B053-344ABB91AD85}.Release|x64.Build.0 = Release|Any CPU
		{0F026D00-A036-4E80-B053-344ABB91AD85}.Release|x86.ActiveCfg = Release|Any CPU
		{0F026D00-A036-4E80-B053-344ABB91AD85}.Release|x86.Build.0 = Release|Any CPU
		{3CB79031-6258-48E7-9BD1-0E3B8978527C}.Debug|Any CPU.ActiveCfg = Debug|Any CPU
		{3CB79031-6258-48E7-9BD1-0E3B8978527C}.Debug|Any CPU.Build.0 = Debug|Any CPU
		{3CB79031-6258-48E7-9BD1-0E3B8978527C}.Debug|x64.ActiveCfg = Debug|Any CPU
		{3CB79031-6258-48E7-9BD1-0E3B8978527C}.Debug|x64.Build.0 = Debug|Any CPU
		{3CB79031-6258-48E7-9BD1-0E3B8978527C}.Debug|x86.ActiveCfg = Debug|Any CPU
		{3CB79031-6258-48E7-9BD1-0E3B8978527C}.Debug|x86.Build.0 = Debug|Any CPU
		{3CB79031-6258-48E7-9BD1-0E3B8978527C}.Release|Any CPU.ActiveCfg = Release|Any CPU
		{3CB79031-6258-48E7-9BD1-0E3B8978527C}.Release|Any CPU.Build.0 = Release|Any CPU
		{3CB79031-6258-48E7-9BD1-0E3B8978527C}.Release|x64.ActiveCfg = Release|Any CPU
		{3CB79031-6258-48E7-9BD1-0E3B8978527C}.Release|x64.Build.0 = Release|Any CPU
		{3CB79031-6258-48E7-9BD1-0E3B8978527C}.Release|x86.ActiveCfg = Release|Any CPU
		{3CB79031-6258-48E7-9BD1-0E3B8978527C}.Release|x86.Build.0 = Release|Any CPU
		{60FFA17D-B1E6-4EFB-BCBE-9526982F9B95}.Debug|Any CPU.ActiveCfg = Debug|Any CPU
		{60FFA17D-B1E6-4EFB-BCBE-9526982F9B95}.Debug|Any CPU.Build.0 = Debug|Any CPU
		{60FFA17D-B1E6-4EFB-BCBE-9526982F9B95}.Debug|x64.ActiveCfg = Debug|Any CPU
		{60FFA17D-B1E6-4EFB-BCBE-9526982F9B95}.Debug|x64.Build.0 = Debug|Any CPU
		{60FFA17D-B1E6-4EFB-BCBE-9526982F9B95}.Debug|x86.ActiveCfg = Debug|Any CPU
		{60FFA17D-B1E6-4EFB-BCBE-9526982F9B95}.Debug|x86.Build.0 = Debug|Any CPU
		{60FFA17D-B1E6-4EFB-BCBE-9526982F9B95}.Release|Any CPU.ActiveCfg = Release|Any CPU
		{60FFA17D-B1E6-4EFB-BCBE-9526982F9B95}.Release|Any CPU.Build.0 = Release|Any CPU
		{60FFA17D-B1E6-4EFB-BCBE-9526982F9B95}.Release|x64.ActiveCfg = Release|Any CPU
		{60FFA17D-B1E6-4EFB-BCBE-9526982F9B95}.Release|x64.Build.0 = Release|Any CPU
		{60FFA17D-B1E6-4EFB-BCBE-9526982F9B95}.Release|x86.ActiveCfg = Release|Any CPU
		{60FFA17D-B1E6-4EFB-BCBE-9526982F9B95}.Release|x86.Build.0 = Release|Any CPU
		{13AE257F-0A55-4F14-BF88-02063AF795B1}.Debug|Any CPU.ActiveCfg = Debug|Any CPU
		{13AE257F-0A55-4F14-BF88-02063AF795B1}.Debug|Any CPU.Build.0 = Debug|Any CPU
		{13AE257F-0A55-4F14-BF88-02063AF795B1}.Debug|x64.ActiveCfg = Debug|Any CPU
		{13AE257F-0A55-4F14-BF88-02063AF795B1}.Debug|x64.Build.0 = Debug|Any CPU
		{13AE257F-0A55-4F14-BF88-02063AF795B1}.Debug|x86.ActiveCfg = Debug|Any CPU
		{13AE257F-0A55-4F14-BF88-02063AF795B1}.Debug|x86.Build.0 = Debug|Any CPU
		{13AE257F-0A55-4F14-BF88-02063AF795B1}.Release|Any CPU.ActiveCfg = Release|Any CPU
		{13AE257F-0A55-4F14-BF88-02063AF795B1}.Release|Any CPU.Build.0 = Release|Any CPU
		{13AE257F-0A55-4F14-BF88-02063AF795B1}.Release|x64.ActiveCfg = Release|Any CPU
		{13AE257F-0A55-4F14-BF88-02063AF795B1}.Release|x64.Build.0 = Release|Any CPU
		{13AE257F-0A55-4F14-BF88-02063AF795B1}.Release|x86.ActiveCfg = Release|Any CPU
		{13AE257F-0A55-4F14-BF88-02063AF795B1}.Release|x86.Build.0 = Release|Any CPU
		{F25488C4-75CE-4B50-9222-1D5CAA9545DB}.Debug|Any CPU.ActiveCfg = Debug|Any CPU
		{F25488C4-75CE-4B50-9222-1D5CAA9545DB}.Debug|Any CPU.Build.0 = Debug|Any CPU
		{F25488C4-75CE-4B50-9222-1D5CAA9545DB}.Debug|x64.ActiveCfg = Debug|Any CPU
		{F25488C4-75CE-4B50-9222-1D5CAA9545DB}.Debug|x64.Build.0 = Debug|Any CPU
		{F25488C4-75CE-4B50-9222-1D5CAA9545DB}.Debug|x86.ActiveCfg = Debug|Any CPU
		{F25488C4-75CE-4B50-9222-1D5CAA9545DB}.Debug|x86.Build.0 = Debug|Any CPU
		{F25488C4-75CE-4B50-9222-1D5CAA9545DB}.Release|Any CPU.ActiveCfg = Release|Any CPU
		{F25488C4-75CE-4B50-9222-1D5CAA9545DB}.Release|Any CPU.Build.0 = Release|Any CPU
		{F25488C4-75CE-4B50-9222-1D5CAA9545DB}.Release|x64.ActiveCfg = Release|Any CPU
		{F25488C4-75CE-4B50-9222-1D5CAA9545DB}.Release|x64.Build.0 = Release|Any CPU
		{F25488C4-75CE-4B50-9222-1D5CAA9545DB}.Release|x86.ActiveCfg = Release|Any CPU
		{F25488C4-75CE-4B50-9222-1D5CAA9545DB}.Release|x86.Build.0 = Release|Any CPU
		{6E5DF457-0FD8-456D-88E0-1A6939998AB1}.Debug|Any CPU.ActiveCfg = Debug|Any CPU
		{6E5DF457-0FD8-456D-88E0-1A6939998AB1}.Debug|Any CPU.Build.0 = Debug|Any CPU
		{6E5DF457-0FD8-456D-88E0-1A6939998AB1}.Debug|x64.ActiveCfg = Debug|Any CPU
		{6E5DF457-0FD8-456D-88E0-1A6939998AB1}.Debug|x64.Build.0 = Debug|Any CPU
		{6E5DF457-0FD8-456D-88E0-1A6939998AB1}.Debug|x86.ActiveCfg = Debug|Any CPU
		{6E5DF457-0FD8-456D-88E0-1A6939998AB1}.Debug|x86.Build.0 = Debug|Any CPU
		{6E5DF457-0FD8-456D-88E0-1A6939998AB1}.Release|Any CPU.ActiveCfg = Release|Any CPU
		{6E5DF457-0FD8-456D-88E0-1A6939998AB1}.Release|Any CPU.Build.0 = Release|Any CPU
		{6E5DF457-0FD8-456D-88E0-1A6939998AB1}.Release|x64.ActiveCfg = Release|Any CPU
		{6E5DF457-0FD8-456D-88E0-1A6939998AB1}.Release|x64.Build.0 = Release|Any CPU
		{6E5DF457-0FD8-456D-88E0-1A6939998AB1}.Release|x86.ActiveCfg = Release|Any CPU
		{6E5DF457-0FD8-456D-88E0-1A6939998AB1}.Release|x86.Build.0 = Release|Any CPU
		{5F97724B-A15D-4E87-8382-AF6A43A4FB25}.Debug|Any CPU.ActiveCfg = Debug|Any CPU
		{5F97724B-A15D-4E87-8382-AF6A43A4FB25}.Debug|Any CPU.Build.0 = Debug|Any CPU
		{5F97724B-A15D-4E87-8382-AF6A43A4FB25}.Debug|x64.ActiveCfg = Debug|Any CPU
		{5F97724B-A15D-4E87-8382-AF6A43A4FB25}.Debug|x64.Build.0 = Debug|Any CPU
		{5F97724B-A15D-4E87-8382-AF6A43A4FB25}.Debug|x86.ActiveCfg = Debug|Any CPU
		{5F97724B-A15D-4E87-8382-AF6A43A4FB25}.Debug|x86.Build.0 = Debug|Any CPU
		{5F97724B-A15D-4E87-8382-AF6A43A4FB25}.Release|Any CPU.ActiveCfg = Release|Any CPU
		{5F97724B-A15D-4E87-8382-AF6A43A4FB25}.Release|Any CPU.Build.0 = Release|Any CPU
		{5F97724B-A15D-4E87-8382-AF6A43A4FB25}.Release|x64.ActiveCfg = Release|Any CPU
		{5F97724B-A15D-4E87-8382-AF6A43A4FB25}.Release|x64.Build.0 = Release|Any CPU
		{5F97724B-A15D-4E87-8382-AF6A43A4FB25}.Release|x86.ActiveCfg = Release|Any CPU
		{5F97724B-A15D-4E87-8382-AF6A43A4FB25}.Release|x86.Build.0 = Release|Any CPU
		{FC97D95F-2F39-4CC9-BCF3-F96BF5BA7593}.Debug|Any CPU.ActiveCfg = Debug|Any CPU
		{FC97D95F-2F39-4CC9-BCF3-F96BF5BA7593}.Debug|Any CPU.Build.0 = Debug|Any CPU
		{FC97D95F-2F39-4CC9-BCF3-F96BF5BA7593}.Debug|x64.ActiveCfg = Debug|Any CPU
		{FC97D95F-2F39-4CC9-BCF3-F96BF5BA7593}.Debug|x64.Build.0 = Debug|Any CPU
		{FC97D95F-2F39-4CC9-BCF3-F96BF5BA7593}.Debug|x86.ActiveCfg = Debug|Any CPU
		{FC97D95F-2F39-4CC9-BCF3-F96BF5BA7593}.Debug|x86.Build.0 = Debug|Any CPU
		{FC97D95F-2F39-4CC9-BCF3-F96BF5BA7593}.Release|Any CPU.ActiveCfg = Release|Any CPU
		{FC97D95F-2F39-4CC9-BCF3-F96BF5BA7593}.Release|Any CPU.Build.0 = Release|Any CPU
		{FC97D95F-2F39-4CC9-BCF3-F96BF5BA7593}.Release|x64.ActiveCfg = Release|Any CPU
		{FC97D95F-2F39-4CC9-BCF3-F96BF5BA7593}.Release|x64.Build.0 = Release|Any CPU
		{FC97D95F-2F39-4CC9-BCF3-F96BF5BA7593}.Release|x86.ActiveCfg = Release|Any CPU
		{FC97D95F-2F39-4CC9-BCF3-F96BF5BA7593}.Release|x86.Build.0 = Release|Any CPU
	EndGlobalSection
	GlobalSection(SolutionProperties) = preSolution
		HideSolutionNode = FALSE
	EndGlobalSection
	GlobalSection(NestedProjects) = preSolution
		{FADD5802-870F-4A89-AF0B-36796DFCEC54} = {0AB3BF05-4346-4AA6-1389-037BE0695223}
		{B248B0FF-C727-4B02-819F-64A2B012B03A} = {66320409-64EC-F7C5-3DEF-65E7510DAAD1}
		{7CE57313-D1AC-4ADF-BC49-A9FC6294510F} = {5D20AA90-6969-D8BD-9DCD-8634F4692FDA}
		{CE1F9180-1A5B-4D13-9D7F-9690BEDF2586} = {827E0CD3-B72D-47B6-A68D-7590B98EB39B}
		{32DA2040-8772-4D57-9E73-C4DDE49D64EE} = {827E0CD3-B72D-47B6-A68D-7590B98EB39B}
		{1D715B71-FD87-41DD-8939-C24710B50A8F} = {827E0CD3-B72D-47B6-A68D-7590B98EB39B}
		{FE6D38AF-75EA-4594-AE1A-97A4B7CE3E24} = {827E0CD3-B72D-47B6-A68D-7590B98EB39B}
		{3B3398DB-5C57-44ED-89F9-078E9AE6EA81} = {827E0CD3-B72D-47B6-A68D-7590B98EB39B}
		{0F026D00-A036-4E80-B053-344ABB91AD85} = {827E0CD3-B72D-47B6-A68D-7590B98EB39B}
		{3CB79031-6258-48E7-9BD1-0E3B8978527C} = {827E0CD3-B72D-47B6-A68D-7590B98EB39B}
		{60FFA17D-B1E6-4EFB-BCBE-9526982F9B95} = {827E0CD3-B72D-47B6-A68D-7590B98EB39B}
		{13AE257F-0A55-4F14-BF88-02063AF795B1} = {827E0CD3-B72D-47B6-A68D-7590B98EB39B}
		{F25488C4-75CE-4B50-9222-1D5CAA9545DB} = {827E0CD3-B72D-47B6-A68D-7590B98EB39B}
		{6E5DF457-0FD8-456D-88E0-1A6939998AB1} = {0AB3BF05-4346-4AA6-1389-037BE0695223}
		{5F97724B-A15D-4E87-8382-AF6A43A4FB25} = {827E0CD3-B72D-47B6-A68D-7590B98EB39B}
		{FC97D95F-2F39-4CC9-BCF3-F96BF5BA7593} = {0AB3BF05-4346-4AA6-1389-037BE0695223}
	EndGlobalSection
EndGlobal
